// !$*UTF8*$!
{
	archiveVersion = 1;
	classes = {
	};
	objectVersion = 46;
	objects = {

/* Begin PBXBuildFile section */
		000476611A9AB47B00247BF8 /* PersonalActivityViewController.m in Sources */ = {isa = PBXBuildFile; fileRef = 000476601A9AB47B00247BF8 /* PersonalActivityViewController.m */; };
		000476641A9AE3DE00247BF8 /* UIColor+HEX.m in Sources */ = {isa = PBXBuildFile; fileRef = 000476631A9AE3DE00247BF8 /* UIColor+HEX.m */; };
		0007AF8C1B016D8D0066643C /* DiscoverUserTableViewCell.m in Sources */ = {isa = PBXBuildFile; fileRef = 0007AF8B1B016D8D0066643C /* DiscoverUserTableViewCell.m */; };
		000F079C1A8D3CBF003E1596 /* TK_PostViewController.m in Sources */ = {isa = PBXBuildFile; fileRef = 000F079B1A8D3CBF003E1596 /* TK_PostViewController.m */; };
		000FC6861A91142900A4F50F /* CreateMainView.xib in Resources */ = {isa = PBXBuildFile; fileRef = 000FC6851A91142900A4F50F /* CreateMainView.xib */; };
		000FC6891A91194B00A4F50F /* CreateMainView.m in Sources */ = {isa = PBXBuildFile; fileRef = 000FC6881A91194B00A4F50F /* CreateMainView.m */; };
		001781E71AC466A800A62CD5 /* TK_Manager.m in Sources */ = {isa = PBXBuildFile; fileRef = 001781E61AC466A800A62CD5 /* TK_Manager.m */; };
		0018EA771AB2A9D2008B80FD /* Explore.xcassets in Resources */ = {isa = PBXBuildFile; fileRef = 0018EA761AB2A9D2008B80FD /* Explore.xcassets */; };
		00292EFC1A9850BB0086A219 /* ProfileCollectionReusableView.m in Sources */ = {isa = PBXBuildFile; fileRef = 00292EFB1A9850BB0086A219 /* ProfileCollectionReusableView.m */; };
		002E16291A93E0C4000AE37B /* Main.storyboard in Resources */ = {isa = PBXBuildFile; fileRef = 002E16271A93E0C4000AE37B /* Main.storyboard */; };
		002E162C1A93E957000AE37B /* BalanceViewController.m in Sources */ = {isa = PBXBuildFile; fileRef = 002E162B1A93E957000AE37B /* BalanceViewController.m */; };
		002E162F1A93F6E4000AE37B /* ExploreViewController.m in Sources */ = {isa = PBXBuildFile; fileRef = 002E162E1A93F6E4000AE37B /* ExploreViewController.m */; };
		002E163A1A94EFAF000AE37B /* UIViewController+Camera.m in Sources */ = {isa = PBXBuildFile; fileRef = 002E16391A94EFAF000AE37B /* UIViewController+Camera.m */; };
		002E163D1A955973000AE37B /* ProfileCollectionViewCell.m in Sources */ = {isa = PBXBuildFile; fileRef = 002E163C1A955973000AE37B /* ProfileCollectionViewCell.m */; };
		004153831AE6CD0F00A19E77 /* ChangePasswordViewController.m in Sources */ = {isa = PBXBuildFile; fileRef = 004153821AE6CD0F00A19E77 /* ChangePasswordViewController.m */; };
		0041C6081B006C3F00EDA4FF /* PreviewViewController.m in Sources */ = {isa = PBXBuildFile; fileRef = 0041C6071B006C3F00EDA4FF /* PreviewViewController.m */; };
		0041C60B1B0115D300EDA4FF /* ContentDetailViewController.m in Sources */ = {isa = PBXBuildFile; fileRef = 0041C60A1B0115D300EDA4FF /* ContentDetailViewController.m */; };
		0041C60E1B01165C00EDA4FF /* ContentDetailTableViewCell.m in Sources */ = {isa = PBXBuildFile; fileRef = 0041C60D1B01165C00EDA4FF /* ContentDetailTableViewCell.m */; };
		0041C6111B014ED500EDA4FF /* OthersProfileViewController.m in Sources */ = {isa = PBXBuildFile; fileRef = 0041C6101B014ED500EDA4FF /* OthersProfileViewController.m */; };
		004ED88E1AF002F100106071 /* HomeFeedPost.m in Sources */ = {isa = PBXBuildFile; fileRef = 004ED88D1AF002F100106071 /* HomeFeedPost.m */; };
		006752341B0BB092002CD4CE /* ContentWebViewController.m in Sources */ = {isa = PBXBuildFile; fileRef = 006752331B0BB092002CD4CE /* ContentWebViewController.m */; };
		008AB0DD1ADCCC630025647B /* TwitterKit.framework in Frameworks */ = {isa = PBXBuildFile; fileRef = 008AB0DA1ADCCC630025647B /* TwitterKit.framework */; };
		008AB0DE1ADCCC630025647B /* TwitterKitResources.bundle in Resources */ = {isa = PBXBuildFile; fileRef = 008AB0DB1ADCCC630025647B /* TwitterKitResources.bundle */; };
		008AB0DF1ADCCC630025647B /* Fabric.framework in Frameworks */ = {isa = PBXBuildFile; fileRef = 008AB0DC1ADCCC630025647B /* Fabric.framework */; };
		009DE9571AA7BE8500429AC4 /* SettingsViewController.m in Sources */ = {isa = PBXBuildFile; fileRef = 009DE9561AA7BE8500429AC4 /* SettingsViewController.m */; };
		009EE0CB1A9BC79B00BEA172 /* UserActivityTableViewCell.m in Sources */ = {isa = PBXBuildFile; fileRef = 009EE0CA1A9BC79B00BEA172 /* UserActivityTableViewCell.m */; };
		00A68E951A9D10C500AAB98F /* FollowersTableViewCell.m in Sources */ = {isa = PBXBuildFile; fileRef = 00A68E941A9D10C500AAB98F /* FollowersTableViewCell.m */; };
		00A68E9B1A9D12C100AAB98F /* FollowersViewController.m in Sources */ = {isa = PBXBuildFile; fileRef = 00A68E9A1A9D12C100AAB98F /* FollowersViewController.m */; };
		00A68EA71A9EDC1F00AAB98F /* NotificationViewController.m in Sources */ = {isa = PBXBuildFile; fileRef = 00A68EA61A9EDC1F00AAB98F /* NotificationViewController.m */; };
		00A68EAD1A9EEE5F00AAB98F /* NotificationsTableViewCell.m in Sources */ = {isa = PBXBuildFile; fileRef = 00A68EAC1A9EEE5F00AAB98F /* NotificationsTableViewCell.m */; };
		00A68EB01A9F9B2300AAB98F /* Notification.m in Sources */ = {isa = PBXBuildFile; fileRef = 00A68EAF1A9F9B2300AAB98F /* Notification.m */; };
		00A990FF1AD722C500A635D7 /* DetailedContentViewController.m in Sources */ = {isa = PBXBuildFile; fileRef = 00A990FE1AD722C500A635D7 /* DetailedContentViewController.m */; };
		00B204861A82B3F8006A259A /* TK_DescriptionViewController.m in Sources */ = {isa = PBXBuildFile; fileRef = 00B204851A82B3F8006A259A /* TK_DescriptionViewController.m */; };
		00BF7B911A8DB9440089194E /* TK_TabBarViewController.m in Sources */ = {isa = PBXBuildFile; fileRef = 00BF7B901A8DB9440089194E /* TK_TabBarViewController.m */; };
		00BF7B941A8DBABD0089194E /* CustomTabBar.m in Sources */ = {isa = PBXBuildFile; fileRef = 00BF7B931A8DBABD0089194E /* CustomTabBar.m */; };
		00C6DE551ABCAE2400CC410C /* Photo.m in Sources */ = {isa = PBXBuildFile; fileRef = 00C6DE541ABCAE2400CC410C /* Photo.m */; };
		00C6DE581ABCB51200CC410C /* Video.m in Sources */ = {isa = PBXBuildFile; fileRef = 00C6DE571ABCB51200CC410C /* Video.m */; };
		00C6DE5B1ABCB73E00CC410C /* Post.m in Sources */ = {isa = PBXBuildFile; fileRef = 00C6DE5A1ABCB73E00CC410C /* Post.m */; };
		00C6DE5E1ABCD1CD00CC410C /* Link.m in Sources */ = {isa = PBXBuildFile; fileRef = 00C6DE5D1ABCD1CD00CC410C /* Link.m */; };
		00C6DE611ABE2B4F00CC410C /* Comment.m in Sources */ = {isa = PBXBuildFile; fileRef = 00C6DE601ABE2B4F00CC410C /* Comment.m */; };
		00C6DE641ABE2CEB00CC410C /* Activity.m in Sources */ = {isa = PBXBuildFile; fileRef = 00C6DE631ABE2CEB00CC410C /* Activity.m */; };
		00C6DE671ABE2E8100CC410C /* User.m in Sources */ = {isa = PBXBuildFile; fileRef = 00C6DE661ABE2E8100CC410C /* User.m */; };
		00CBEFB31A84125E00A32D0D /* Parse.framework in Frameworks */ = {isa = PBXBuildFile; fileRef = 00CBEFB21A84125E00A32D0D /* Parse.framework */; };
		00D14FBE1A81BF9700271031 /* CamerOverlay.m in Sources */ = {isa = PBXBuildFile; fileRef = 00D14FBD1A81BF9700271031 /* CamerOverlay.m */; };
		00D24BB11AE6F9FB0072558F /* BalanceHeaderTableViewCell.m in Sources */ = {isa = PBXBuildFile; fileRef = 00D24BB01AE6F9FB0072558F /* BalanceHeaderTableViewCell.m */; };
		00D24BB31AE8009A0072558F /* Balance.xcassets in Resources */ = {isa = PBXBuildFile; fileRef = 00D24BB21AE8009A0072558F /* Balance.xcassets */; };
		00D24BB91AE82F440072558F /* BalanceActivtyTableViewCell.m in Sources */ = {isa = PBXBuildFile; fileRef = 00D24BB81AE82F440072558F /* BalanceActivtyTableViewCell.m */; };
		00D24BBC1AE94D3F0072558F /* BalanceActivity.m in Sources */ = {isa = PBXBuildFile; fileRef = 00D24BBB1AE94D3F0072558F /* BalanceActivity.m */; };
		00D24BBF1AEAF2AE0072558F /* BalanceTransactionViewController.m in Sources */ = {isa = PBXBuildFile; fileRef = 00D24BBE1AEAF2AE0072558F /* BalanceTransactionViewController.m */; };
		00D24BC51AEDB7600072558F /* HomeFeedViewController.m in Sources */ = {isa = PBXBuildFile; fileRef = 00D24BC41AEDB7600072558F /* HomeFeedViewController.m */; };
		00D24BC81AEDB7850072558F /* HomeFeedTableViewCell.m in Sources */ = {isa = PBXBuildFile; fileRef = 00D24BC71AEDB7850072558F /* HomeFeedTableViewCell.m */; };
		00D24BCA1AEFE0B30072558F /* Crashlytics.framework in Frameworks */ = {isa = PBXBuildFile; fileRef = 00D24BC91AEFE0B30072558F /* Crashlytics.framework */; };
		00D71CC81A8D6B290022E856 /* TK_LinkViewController.m in Sources */ = {isa = PBXBuildFile; fileRef = 00D71CC71A8D6B290022E856 /* TK_LinkViewController.m */; };
		00ED60301A7ED68500ED1229 /* LaunchPageViewController.m in Sources */ = {isa = PBXBuildFile; fileRef = 00ED602F1A7ED68500ED1229 /* LaunchPageViewController.m */; };
		00ED60361A7F5BA300ED1229 /* MFC_LogInViewController.m in Sources */ = {isa = PBXBuildFile; fileRef = 00ED60351A7F5BA300ED1229 /* MFC_LogInViewController.m */; };
		00ED603F1A7F689B00ED1229 /* MFC_ForgotPasswordViewController.m in Sources */ = {isa = PBXBuildFile; fileRef = 00ED603E1A7F689B00ED1229 /* MFC_ForgotPasswordViewController.m */; };
		00ED60421A7FDE1800ED1229 /* MFC_SignupViewController.m in Sources */ = {isa = PBXBuildFile; fileRef = 00ED60411A7FDE1800ED1229 /* MFC_SignupViewController.m */; };
		00ED60511A804B5D00ED1229 /* TK_ProfileViewController.m in Sources */ = {isa = PBXBuildFile; fileRef = 00ED60501A804B5D00ED1229 /* TK_ProfileViewController.m */; };
		12C3ECEC58F2EFB60B8FCB19 /* libPods-TokenApp.a in Frameworks */ = {isa = PBXBuildFile; fileRef = 3AC5C335474F0AB015BEB33A /* libPods-TokenApp.a */; };
		25A72F2E1A319CF20076AE07 /* main.m in Sources */ = {isa = PBXBuildFile; fileRef = 25A72F2D1A319CF20076AE07 /* main.m */; };
		25A72F311A319CF20076AE07 /* AppDelegate.m in Sources */ = {isa = PBXBuildFile; fileRef = 25A72F301A319CF20076AE07 /* AppDelegate.m */; };
		25A72F391A319CF30076AE07 /* Images.xcassets in Resources */ = {isa = PBXBuildFile; fileRef = 25A72F381A319CF30076AE07 /* Images.xcassets */; };
		25A72F3C1A319CF30076AE07 /* LaunchScreen.xib in Resources */ = {isa = PBXBuildFile; fileRef = 25A72F3A1A319CF30076AE07 /* LaunchScreen.xib */; };
		25A72F481A319CF30076AE07 /* TokenAppTests.m in Sources */ = {isa = PBXBuildFile; fileRef = 25A72F471A319CF30076AE07 /* TokenAppTests.m */; };
		25ED67511A3212CE004CD269 /* Accounts.framework in Frameworks */ = {isa = PBXBuildFile; fileRef = 25ED67501A3212CE004CD269 /* Accounts.framework */; };
		25ED67531A3212DD004CD269 /* AudioToolbox.framework in Frameworks */ = {isa = PBXBuildFile; fileRef = 25ED67521A3212DD004CD269 /* AudioToolbox.framework */; };
		25ED67551A3212E8004CD269 /* CFNetwork.framework in Frameworks */ = {isa = PBXBuildFile; fileRef = 25ED67541A3212E8004CD269 /* CFNetwork.framework */; };
		25ED67571A3212EF004CD269 /* CoreGraphics.framework in Frameworks */ = {isa = PBXBuildFile; fileRef = 25ED67561A3212EF004CD269 /* CoreGraphics.framework */; };
		25ED67591A3212F9004CD269 /* CoreLocation.framework in Frameworks */ = {isa = PBXBuildFile; fileRef = 25ED67581A3212F9004CD269 /* CoreLocation.framework */; };
		25ED675B1A321305004CD269 /* libz.dylib in Frameworks */ = {isa = PBXBuildFile; fileRef = 25ED675A1A321305004CD269 /* libz.dylib */; };
		25ED675D1A32130F004CD269 /* MobileCoreServices.framework in Frameworks */ = {isa = PBXBuildFile; fileRef = 25ED675C1A32130F004CD269 /* MobileCoreServices.framework */; };
		25ED675F1A321319004CD269 /* QuartzCore.framework in Frameworks */ = {isa = PBXBuildFile; fileRef = 25ED675E1A321319004CD269 /* QuartzCore.framework */; };
		25ED67611A321327004CD269 /* Security.framework in Frameworks */ = {isa = PBXBuildFile; fileRef = 25ED67601A321327004CD269 /* Security.framework */; };
		25ED67631A32132D004CD269 /* Social.framework in Frameworks */ = {isa = PBXBuildFile; fileRef = 25ED67621A32132D004CD269 /* Social.framework */; };
		25ED67651A321337004CD269 /* StoreKit.framework in Frameworks */ = {isa = PBXBuildFile; fileRef = 25ED67641A321337004CD269 /* StoreKit.framework */; };
		25ED67671A321345004CD269 /* SystemConfiguration.framework in Frameworks */ = {isa = PBXBuildFile; fileRef = 25ED67661A321345004CD269 /* SystemConfiguration.framework */; };
		B97F00FD1A6ECAD400690309 /* BalanceTableViewCell.m in Sources */ = {isa = PBXBuildFile; fileRef = B97F00FC1A6ECAD400690309 /* BalanceTableViewCell.m */; };
		B991FD8D1A3E62E700BB902F /* CustomActivityTableViewCell.m in Sources */ = {isa = PBXBuildFile; fileRef = B991FD8C1A3E62E700BB902F /* CustomActivityTableViewCell.m */; };
		B991FD8F1A3E6C8B00BB902F /* Default@3x.png in Resources */ = {isa = PBXBuildFile; fileRef = B991FD8E1A3E6C8B00BB902F /* Default@3x.png */; };
		B996AD201A8163F300C3B98E /* CurrentUser.m in Sources */ = {isa = PBXBuildFile; fileRef = B996AD1F1A8163F300C3B98E /* CurrentUser.m */; };
		B9C6EB211A523D42003975CF /* tokenapp-facebook-info.plist in Resources */ = {isa = PBXBuildFile; fileRef = B9C6EB201A523D42003975CF /* tokenapp-facebook-info.plist */; };
		B9D1A6B31A44A89B00BA2874 /* TKUtility.m in Sources */ = {isa = PBXBuildFile; fileRef = B9D1A6B21A44A89B00BA2874 /* TKUtility.m */; };
		B9F2366D1A3A468B00E485CE /* Login.xcassets in Resources */ = {isa = PBXBuildFile; fileRef = B9F2366C1A3A468B00E485CE /* Login.xcassets */; };
		B9F2366F1A3A46D300E485CE /* Profile.xcassets in Resources */ = {isa = PBXBuildFile; fileRef = B9F2366E1A3A46D300E485CE /* Profile.xcassets */; };
		B9F359D31A43AEBF00476FF7 /* Constants.m in Sources */ = {isa = PBXBuildFile; fileRef = B9F359D21A43AEBF00476FF7 /* Constants.m */; };
		B9F359D61A43B22A00476FF7 /* TKCache.m in Sources */ = {isa = PBXBuildFile; fileRef = B9F359D51A43B22A00476FF7 /* TKCache.m */; };
		B9FD55861A415665006AE066 /* Content.xcassets in Resources */ = {isa = PBXBuildFile; fileRef = B9FD55851A415665006AE066 /* Content.xcassets */; };
		B9FD55881A4157C4006AE066 /* NavBar.xcassets in Resources */ = {isa = PBXBuildFile; fileRef = B9FD55871A4157C4006AE066 /* NavBar.xcassets */; };
		B9FD558A1A4157EF006AE066 /* Create.xcassets in Resources */ = {isa = PBXBuildFile; fileRef = B9FD55891A4157EF006AE066 /* Create.xcassets */; };
/* End PBXBuildFile section */

/* Begin PBXContainerItemProxy section */
		25A72F421A319CF30076AE07 /* PBXContainerItemProxy */ = {
			isa = PBXContainerItemProxy;
			containerPortal = 25A72F201A319CF20076AE07 /* Project object */;
			proxyType = 1;
			remoteGlobalIDString = 25A72F271A319CF20076AE07;
			remoteInfo = TokenApp;
		};
/* End PBXContainerItemProxy section */

/* Begin PBXFileReference section */
		0004765F1A9AB47B00247BF8 /* PersonalActivityViewController.h */ = {isa = PBXFileReference; fileEncoding = 4; lastKnownFileType = sourcecode.c.h; path = PersonalActivityViewController.h; sourceTree = "<group>"; };
		000476601A9AB47B00247BF8 /* PersonalActivityViewController.m */ = {isa = PBXFileReference; fileEncoding = 4; lastKnownFileType = sourcecode.c.objc; path = PersonalActivityViewController.m; sourceTree = "<group>"; };
		000476621A9AE3DE00247BF8 /* UIColor+HEX.h */ = {isa = PBXFileReference; fileEncoding = 4; lastKnownFileType = sourcecode.c.h; path = "UIColor+HEX.h"; sourceTree = "<group>"; };
		000476631A9AE3DE00247BF8 /* UIColor+HEX.m */ = {isa = PBXFileReference; fileEncoding = 4; lastKnownFileType = sourcecode.c.objc; path = "UIColor+HEX.m"; sourceTree = "<group>"; };
		0007AF8A1B016D8D0066643C /* DiscoverUserTableViewCell.h */ = {isa = PBXFileReference; fileEncoding = 4; lastKnownFileType = sourcecode.c.h; path = DiscoverUserTableViewCell.h; sourceTree = "<group>"; };
		0007AF8B1B016D8D0066643C /* DiscoverUserTableViewCell.m */ = {isa = PBXFileReference; fileEncoding = 4; lastKnownFileType = sourcecode.c.objc; path = DiscoverUserTableViewCell.m; sourceTree = "<group>"; };
		000F079A1A8D3CBF003E1596 /* TK_PostViewController.h */ = {isa = PBXFileReference; fileEncoding = 4; lastKnownFileType = sourcecode.c.h; path = TK_PostViewController.h; sourceTree = "<group>"; };
		000F079B1A8D3CBF003E1596 /* TK_PostViewController.m */ = {isa = PBXFileReference; fileEncoding = 4; lastKnownFileType = sourcecode.c.objc; path = TK_PostViewController.m; sourceTree = "<group>"; };
		000FC6851A91142900A4F50F /* CreateMainView.xib */ = {isa = PBXFileReference; fileEncoding = 4; lastKnownFileType = file.xib; path = CreateMainView.xib; sourceTree = "<group>"; };
		000FC6871A91194B00A4F50F /* CreateMainView.h */ = {isa = PBXFileReference; fileEncoding = 4; lastKnownFileType = sourcecode.c.h; path = CreateMainView.h; sourceTree = "<group>"; };
		000FC6881A91194B00A4F50F /* CreateMainView.m */ = {isa = PBXFileReference; fileEncoding = 4; lastKnownFileType = sourcecode.c.objc; path = CreateMainView.m; sourceTree = "<group>"; };
		001781E51AC466A800A62CD5 /* TK_Manager.h */ = {isa = PBXFileReference; fileEncoding = 4; lastKnownFileType = sourcecode.c.h; path = TK_Manager.h; sourceTree = "<group>"; };
		001781E61AC466A800A62CD5 /* TK_Manager.m */ = {isa = PBXFileReference; fileEncoding = 4; lastKnownFileType = sourcecode.c.objc; path = TK_Manager.m; sourceTree = "<group>"; };
		0018EA761AB2A9D2008B80FD /* Explore.xcassets */ = {isa = PBXFileReference; lastKnownFileType = folder.assetcatalog; name = Explore.xcassets; path = ../Explore.xcassets; sourceTree = "<group>"; };
		00292EFA1A9850BB0086A219 /* ProfileCollectionReusableView.h */ = {isa = PBXFileReference; fileEncoding = 4; lastKnownFileType = sourcecode.c.h; path = ProfileCollectionReusableView.h; sourceTree = "<group>"; };
		00292EFB1A9850BB0086A219 /* ProfileCollectionReusableView.m */ = {isa = PBXFileReference; fileEncoding = 4; lastKnownFileType = sourcecode.c.objc; path = ProfileCollectionReusableView.m; sourceTree = "<group>"; };
		002E16281A93E0C4000AE37B /* Base */ = {isa = PBXFileReference; lastKnownFileType = file.storyboard; name = Base; path = TokenApp/Base.lproj/Main.storyboard; sourceTree = "<group>"; };
		002E162A1A93E957000AE37B /* BalanceViewController.h */ = {isa = PBXFileReference; fileEncoding = 4; lastKnownFileType = sourcecode.c.h; path = BalanceViewController.h; sourceTree = "<group>"; };
		002E162B1A93E957000AE37B /* BalanceViewController.m */ = {isa = PBXFileReference; fileEncoding = 4; lastKnownFileType = sourcecode.c.objc; path = BalanceViewController.m; sourceTree = "<group>"; };
		002E162D1A93F6E4000AE37B /* ExploreViewController.h */ = {isa = PBXFileReference; fileEncoding = 4; lastKnownFileType = sourcecode.c.h; path = ExploreViewController.h; sourceTree = "<group>"; };
		002E162E1A93F6E4000AE37B /* ExploreViewController.m */ = {isa = PBXFileReference; fileEncoding = 4; lastKnownFileType = sourcecode.c.objc; path = ExploreViewController.m; sourceTree = "<group>"; };
		002E16381A94EFAF000AE37B /* UIViewController+Camera.h */ = {isa = PBXFileReference; fileEncoding = 4; lastKnownFileType = sourcecode.c.h; path = "UIViewController+Camera.h"; sourceTree = "<group>"; };
		002E16391A94EFAF000AE37B /* UIViewController+Camera.m */ = {isa = PBXFileReference; fileEncoding = 4; lastKnownFileType = sourcecode.c.objc; path = "UIViewController+Camera.m"; sourceTree = "<group>"; };
		002E163B1A955973000AE37B /* ProfileCollectionViewCell.h */ = {isa = PBXFileReference; fileEncoding = 4; lastKnownFileType = sourcecode.c.h; path = ProfileCollectionViewCell.h; sourceTree = "<group>"; };
		002E163C1A955973000AE37B /* ProfileCollectionViewCell.m */ = {isa = PBXFileReference; fileEncoding = 4; lastKnownFileType = sourcecode.c.objc; path = ProfileCollectionViewCell.m; sourceTree = "<group>"; };
		004153811AE6CD0F00A19E77 /* ChangePasswordViewController.h */ = {isa = PBXFileReference; fileEncoding = 4; lastKnownFileType = sourcecode.c.h; path = ChangePasswordViewController.h; sourceTree = "<group>"; };
		004153821AE6CD0F00A19E77 /* ChangePasswordViewController.m */ = {isa = PBXFileReference; fileEncoding = 4; lastKnownFileType = sourcecode.c.objc; path = ChangePasswordViewController.m; sourceTree = "<group>"; };
		0041C6061B006C3F00EDA4FF /* PreviewViewController.h */ = {isa = PBXFileReference; fileEncoding = 4; lastKnownFileType = sourcecode.c.h; path = PreviewViewController.h; sourceTree = "<group>"; };
		0041C6071B006C3F00EDA4FF /* PreviewViewController.m */ = {isa = PBXFileReference; fileEncoding = 4; lastKnownFileType = sourcecode.c.objc; path = PreviewViewController.m; sourceTree = "<group>"; };
		0041C6091B0115D300EDA4FF /* ContentDetailViewController.h */ = {isa = PBXFileReference; fileEncoding = 4; lastKnownFileType = sourcecode.c.h; path = ContentDetailViewController.h; sourceTree = "<group>"; };
		0041C60A1B0115D300EDA4FF /* ContentDetailViewController.m */ = {isa = PBXFileReference; fileEncoding = 4; lastKnownFileType = sourcecode.c.objc; path = ContentDetailViewController.m; sourceTree = "<group>"; };
		0041C60C1B01165C00EDA4FF /* ContentDetailTableViewCell.h */ = {isa = PBXFileReference; fileEncoding = 4; lastKnownFileType = sourcecode.c.h; path = ContentDetailTableViewCell.h; sourceTree = "<group>"; };
		0041C60D1B01165C00EDA4FF /* ContentDetailTableViewCell.m */ = {isa = PBXFileReference; fileEncoding = 4; lastKnownFileType = sourcecode.c.objc; path = ContentDetailTableViewCell.m; sourceTree = "<group>"; };
		0041C60F1B014ED500EDA4FF /* OthersProfileViewController.h */ = {isa = PBXFileReference; fileEncoding = 4; lastKnownFileType = sourcecode.c.h; path = OthersProfileViewController.h; sourceTree = "<group>"; };
		0041C6101B014ED500EDA4FF /* OthersProfileViewController.m */ = {isa = PBXFileReference; fileEncoding = 4; lastKnownFileType = sourcecode.c.objc; path = OthersProfileViewController.m; sourceTree = "<group>"; };
		004ED88C1AF002F100106071 /* HomeFeedPost.h */ = {isa = PBXFileReference; fileEncoding = 4; lastKnownFileType = sourcecode.c.h; path = HomeFeedPost.h; sourceTree = "<group>"; };
		004ED88D1AF002F100106071 /* HomeFeedPost.m */ = {isa = PBXFileReference; fileEncoding = 4; lastKnownFileType = sourcecode.c.objc; path = HomeFeedPost.m; sourceTree = "<group>"; };
		006752321B0BB092002CD4CE /* ContentWebViewController.h */ = {isa = PBXFileReference; fileEncoding = 4; lastKnownFileType = sourcecode.c.h; path = ContentWebViewController.h; sourceTree = "<group>"; };
		006752331B0BB092002CD4CE /* ContentWebViewController.m */ = {isa = PBXFileReference; fileEncoding = 4; lastKnownFileType = sourcecode.c.objc; path = ContentWebViewController.m; sourceTree = "<group>"; };
		008AB0DA1ADCCC630025647B /* TwitterKit.framework */ = {isa = PBXFileReference; lastKnownFileType = wrapper.framework; path = TwitterKit.framework; sourceTree = "<group>"; };
		008AB0DB1ADCCC630025647B /* TwitterKitResources.bundle */ = {isa = PBXFileReference; lastKnownFileType = "wrapper.plug-in"; name = TwitterKitResources.bundle; path = TwitterKit.framework/Versions/A/Resources/TwitterKitResources.bundle; sourceTree = "<group>"; };
		008AB0DC1ADCCC630025647B /* Fabric.framework */ = {isa = PBXFileReference; lastKnownFileType = wrapper.framework; path = Fabric.framework; sourceTree = "<group>"; };
		009DE9551AA7BE8500429AC4 /* SettingsViewController.h */ = {isa = PBXFileReference; fileEncoding = 4; lastKnownFileType = sourcecode.c.h; path = SettingsViewController.h; sourceTree = "<group>"; };
		009DE9561AA7BE8500429AC4 /* SettingsViewController.m */ = {isa = PBXFileReference; fileEncoding = 4; lastKnownFileType = sourcecode.c.objc; path = SettingsViewController.m; sourceTree = "<group>"; };
		009EE0C91A9BC79B00BEA172 /* UserActivityTableViewCell.h */ = {isa = PBXFileReference; fileEncoding = 4; lastKnownFileType = sourcecode.c.h; path = UserActivityTableViewCell.h; sourceTree = "<group>"; };
		009EE0CA1A9BC79B00BEA172 /* UserActivityTableViewCell.m */ = {isa = PBXFileReference; fileEncoding = 4; lastKnownFileType = sourcecode.c.objc; path = UserActivityTableViewCell.m; sourceTree = "<group>"; };
		00A68E931A9D10C500AAB98F /* FollowersTableViewCell.h */ = {isa = PBXFileReference; fileEncoding = 4; lastKnownFileType = sourcecode.c.h; path = FollowersTableViewCell.h; sourceTree = "<group>"; };
		00A68E941A9D10C500AAB98F /* FollowersTableViewCell.m */ = {isa = PBXFileReference; fileEncoding = 4; lastKnownFileType = sourcecode.c.objc; path = FollowersTableViewCell.m; sourceTree = "<group>"; };
		00A68E991A9D12C100AAB98F /* FollowersViewController.h */ = {isa = PBXFileReference; fileEncoding = 4; lastKnownFileType = sourcecode.c.h; path = FollowersViewController.h; sourceTree = "<group>"; };
		00A68E9A1A9D12C100AAB98F /* FollowersViewController.m */ = {isa = PBXFileReference; fileEncoding = 4; lastKnownFileType = sourcecode.c.objc; path = FollowersViewController.m; sourceTree = "<group>"; };
		00A68EA51A9EDC1F00AAB98F /* NotificationViewController.h */ = {isa = PBXFileReference; fileEncoding = 4; lastKnownFileType = sourcecode.c.h; path = NotificationViewController.h; sourceTree = "<group>"; };
		00A68EA61A9EDC1F00AAB98F /* NotificationViewController.m */ = {isa = PBXFileReference; fileEncoding = 4; lastKnownFileType = sourcecode.c.objc; path = NotificationViewController.m; sourceTree = "<group>"; };
		00A68EAB1A9EEE5F00AAB98F /* NotificationsTableViewCell.h */ = {isa = PBXFileReference; fileEncoding = 4; lastKnownFileType = sourcecode.c.h; path = NotificationsTableViewCell.h; sourceTree = "<group>"; };
		00A68EAC1A9EEE5F00AAB98F /* NotificationsTableViewCell.m */ = {isa = PBXFileReference; fileEncoding = 4; lastKnownFileType = sourcecode.c.objc; path = NotificationsTableViewCell.m; sourceTree = "<group>"; };
		00A68EAE1A9F9B2300AAB98F /* Notification.h */ = {isa = PBXFileReference; fileEncoding = 4; lastKnownFileType = sourcecode.c.h; path = Notification.h; sourceTree = "<group>"; };
		00A68EAF1A9F9B2300AAB98F /* Notification.m */ = {isa = PBXFileReference; fileEncoding = 4; lastKnownFileType = sourcecode.c.objc; path = Notification.m; sourceTree = "<group>"; };
		00A990FD1AD722C500A635D7 /* DetailedContentViewController.h */ = {isa = PBXFileReference; fileEncoding = 4; lastKnownFileType = sourcecode.c.h; path = DetailedContentViewController.h; sourceTree = "<group>"; };
		00A990FE1AD722C500A635D7 /* DetailedContentViewController.m */ = {isa = PBXFileReference; fileEncoding = 4; lastKnownFileType = sourcecode.c.objc; path = DetailedContentViewController.m; sourceTree = "<group>"; };
		00B204841A82B3F8006A259A /* TK_DescriptionViewController.h */ = {isa = PBXFileReference; fileEncoding = 4; lastKnownFileType = sourcecode.c.h; path = TK_DescriptionViewController.h; sourceTree = "<group>"; };
		00B204851A82B3F8006A259A /* TK_DescriptionViewController.m */ = {isa = PBXFileReference; fileEncoding = 4; lastKnownFileType = sourcecode.c.objc; path = TK_DescriptionViewController.m; sourceTree = "<group>"; };
		00BF7B8F1A8DB9440089194E /* TK_TabBarViewController.h */ = {isa = PBXFileReference; fileEncoding = 4; lastKnownFileType = sourcecode.c.h; path = TK_TabBarViewController.h; sourceTree = "<group>"; };
		00BF7B901A8DB9440089194E /* TK_TabBarViewController.m */ = {isa = PBXFileReference; fileEncoding = 4; lastKnownFileType = sourcecode.c.objc; path = TK_TabBarViewController.m; sourceTree = "<group>"; };
		00BF7B921A8DBABD0089194E /* CustomTabBar.h */ = {isa = PBXFileReference; fileEncoding = 4; lastKnownFileType = sourcecode.c.h; path = CustomTabBar.h; sourceTree = "<group>"; };
		00BF7B931A8DBABD0089194E /* CustomTabBar.m */ = {isa = PBXFileReference; fileEncoding = 4; lastKnownFileType = sourcecode.c.objc; path = CustomTabBar.m; sourceTree = "<group>"; };
		00C6DE531ABCAE2400CC410C /* Photo.h */ = {isa = PBXFileReference; fileEncoding = 4; lastKnownFileType = sourcecode.c.h; path = Photo.h; sourceTree = "<group>"; };
		00C6DE541ABCAE2400CC410C /* Photo.m */ = {isa = PBXFileReference; fileEncoding = 4; lastKnownFileType = sourcecode.c.objc; path = Photo.m; sourceTree = "<group>"; };
		00C6DE561ABCB51200CC410C /* Video.h */ = {isa = PBXFileReference; fileEncoding = 4; lastKnownFileType = sourcecode.c.h; path = Video.h; sourceTree = "<group>"; };
		00C6DE571ABCB51200CC410C /* Video.m */ = {isa = PBXFileReference; fileEncoding = 4; lastKnownFileType = sourcecode.c.objc; path = Video.m; sourceTree = "<group>"; };
		00C6DE591ABCB73E00CC410C /* Post.h */ = {isa = PBXFileReference; fileEncoding = 4; lastKnownFileType = sourcecode.c.h; path = Post.h; sourceTree = "<group>"; };
		00C6DE5A1ABCB73E00CC410C /* Post.m */ = {isa = PBXFileReference; fileEncoding = 4; lastKnownFileType = sourcecode.c.objc; path = Post.m; sourceTree = "<group>"; };
		00C6DE5C1ABCD1CD00CC410C /* Link.h */ = {isa = PBXFileReference; fileEncoding = 4; lastKnownFileType = sourcecode.c.h; path = Link.h; sourceTree = "<group>"; };
		00C6DE5D1ABCD1CD00CC410C /* Link.m */ = {isa = PBXFileReference; fileEncoding = 4; lastKnownFileType = sourcecode.c.objc; path = Link.m; sourceTree = "<group>"; };
		00C6DE5F1ABE2B4F00CC410C /* Comment.h */ = {isa = PBXFileReference; fileEncoding = 4; lastKnownFileType = sourcecode.c.h; path = Comment.h; sourceTree = "<group>"; };
		00C6DE601ABE2B4F00CC410C /* Comment.m */ = {isa = PBXFileReference; fileEncoding = 4; lastKnownFileType = sourcecode.c.objc; path = Comment.m; sourceTree = "<group>"; };
		00C6DE621ABE2CEB00CC410C /* Activity.h */ = {isa = PBXFileReference; fileEncoding = 4; lastKnownFileType = sourcecode.c.h; path = Activity.h; sourceTree = "<group>"; };
		00C6DE631ABE2CEB00CC410C /* Activity.m */ = {isa = PBXFileReference; fileEncoding = 4; lastKnownFileType = sourcecode.c.objc; path = Activity.m; sourceTree = "<group>"; };
		00C6DE651ABE2E8100CC410C /* User.h */ = {isa = PBXFileReference; fileEncoding = 4; lastKnownFileType = sourcecode.c.h; path = User.h; sourceTree = "<group>"; };
		00C6DE661ABE2E8100CC410C /* User.m */ = {isa = PBXFileReference; fileEncoding = 4; lastKnownFileType = sourcecode.c.objc; path = User.m; sourceTree = "<group>"; };
		00CBEFB21A84125E00A32D0D /* Parse.framework */ = {isa = PBXFileReference; lastKnownFileType = wrapper.framework; path = Parse.framework; sourceTree = "<group>"; };
		00D14FBC1A81BF9700271031 /* CamerOverlay.h */ = {isa = PBXFileReference; fileEncoding = 4; lastKnownFileType = sourcecode.c.h; path = CamerOverlay.h; sourceTree = "<group>"; };
		00D14FBD1A81BF9700271031 /* CamerOverlay.m */ = {isa = PBXFileReference; fileEncoding = 4; lastKnownFileType = sourcecode.c.objc; path = CamerOverlay.m; sourceTree = "<group>"; };
		00D24BAF1AE6F9FB0072558F /* BalanceHeaderTableViewCell.h */ = {isa = PBXFileReference; fileEncoding = 4; lastKnownFileType = sourcecode.c.h; path = BalanceHeaderTableViewCell.h; sourceTree = "<group>"; };
		00D24BB01AE6F9FB0072558F /* BalanceHeaderTableViewCell.m */ = {isa = PBXFileReference; fileEncoding = 4; lastKnownFileType = sourcecode.c.objc; path = BalanceHeaderTableViewCell.m; sourceTree = "<group>"; };
		00D24BB21AE8009A0072558F /* Balance.xcassets */ = {isa = PBXFileReference; lastKnownFileType = folder.assetcatalog; path = Balance.xcassets; sourceTree = "<group>"; };
		00D24BB71AE82F440072558F /* BalanceActivtyTableViewCell.h */ = {isa = PBXFileReference; fileEncoding = 4; lastKnownFileType = sourcecode.c.h; path = BalanceActivtyTableViewCell.h; sourceTree = "<group>"; };
		00D24BB81AE82F440072558F /* BalanceActivtyTableViewCell.m */ = {isa = PBXFileReference; fileEncoding = 4; lastKnownFileType = sourcecode.c.objc; path = BalanceActivtyTableViewCell.m; sourceTree = "<group>"; };
		00D24BBA1AE94D3F0072558F /* BalanceActivity.h */ = {isa = PBXFileReference; fileEncoding = 4; lastKnownFileType = sourcecode.c.h; path = BalanceActivity.h; sourceTree = "<group>"; };
		00D24BBB1AE94D3F0072558F /* BalanceActivity.m */ = {isa = PBXFileReference; fileEncoding = 4; lastKnownFileType = sourcecode.c.objc; path = BalanceActivity.m; sourceTree = "<group>"; };
		00D24BBD1AEAF2AE0072558F /* BalanceTransactionViewController.h */ = {isa = PBXFileReference; fileEncoding = 4; lastKnownFileType = sourcecode.c.h; path = BalanceTransactionViewController.h; sourceTree = "<group>"; };
		00D24BBE1AEAF2AE0072558F /* BalanceTransactionViewController.m */ = {isa = PBXFileReference; fileEncoding = 4; lastKnownFileType = sourcecode.c.objc; path = BalanceTransactionViewController.m; sourceTree = "<group>"; };
		00D24BC31AEDB7600072558F /* HomeFeedViewController.h */ = {isa = PBXFileReference; fileEncoding = 4; lastKnownFileType = sourcecode.c.h; path = HomeFeedViewController.h; sourceTree = "<group>"; };
		00D24BC41AEDB7600072558F /* HomeFeedViewController.m */ = {isa = PBXFileReference; fileEncoding = 4; lastKnownFileType = sourcecode.c.objc; path = HomeFeedViewController.m; sourceTree = "<group>"; };
		00D24BC61AEDB7850072558F /* HomeFeedTableViewCell.h */ = {isa = PBXFileReference; fileEncoding = 4; lastKnownFileType = sourcecode.c.h; path = HomeFeedTableViewCell.h; sourceTree = "<group>"; };
		00D24BC71AEDB7850072558F /* HomeFeedTableViewCell.m */ = {isa = PBXFileReference; fileEncoding = 4; lastKnownFileType = sourcecode.c.objc; path = HomeFeedTableViewCell.m; sourceTree = "<group>"; };
		00D24BC91AEFE0B30072558F /* Crashlytics.framework */ = {isa = PBXFileReference; lastKnownFileType = wrapper.framework; path = Crashlytics.framework; sourceTree = "<group>"; };
		00D71CC61A8D6B290022E856 /* TK_LinkViewController.h */ = {isa = PBXFileReference; fileEncoding = 4; lastKnownFileType = sourcecode.c.h; path = TK_LinkViewController.h; sourceTree = "<group>"; };
		00D71CC71A8D6B290022E856 /* TK_LinkViewController.m */ = {isa = PBXFileReference; fileEncoding = 4; lastKnownFileType = sourcecode.c.objc; path = TK_LinkViewController.m; sourceTree = "<group>"; };
		00ED602E1A7ED68500ED1229 /* LaunchPageViewController.h */ = {isa = PBXFileReference; fileEncoding = 4; lastKnownFileType = sourcecode.c.h; path = LaunchPageViewController.h; sourceTree = "<group>"; };
		00ED602F1A7ED68500ED1229 /* LaunchPageViewController.m */ = {isa = PBXFileReference; fileEncoding = 4; lastKnownFileType = sourcecode.c.objc; path = LaunchPageViewController.m; sourceTree = "<group>"; };
		00ED60341A7F5BA300ED1229 /* MFC_LogInViewController.h */ = {isa = PBXFileReference; fileEncoding = 4; lastKnownFileType = sourcecode.c.h; path = MFC_LogInViewController.h; sourceTree = "<group>"; };
		00ED60351A7F5BA300ED1229 /* MFC_LogInViewController.m */ = {isa = PBXFileReference; fileEncoding = 4; lastKnownFileType = sourcecode.c.objc; path = MFC_LogInViewController.m; sourceTree = "<group>"; };
		00ED603D1A7F689B00ED1229 /* MFC_ForgotPasswordViewController.h */ = {isa = PBXFileReference; fileEncoding = 4; lastKnownFileType = sourcecode.c.h; path = MFC_ForgotPasswordViewController.h; sourceTree = "<group>"; };
		00ED603E1A7F689B00ED1229 /* MFC_ForgotPasswordViewController.m */ = {isa = PBXFileReference; fileEncoding = 4; lastKnownFileType = sourcecode.c.objc; path = MFC_ForgotPasswordViewController.m; sourceTree = "<group>"; };
		00ED60401A7FDE1800ED1229 /* MFC_SignupViewController.h */ = {isa = PBXFileReference; fileEncoding = 4; lastKnownFileType = sourcecode.c.h; path = MFC_SignupViewController.h; sourceTree = "<group>"; };
		00ED60411A7FDE1800ED1229 /* MFC_SignupViewController.m */ = {isa = PBXFileReference; fileEncoding = 4; lastKnownFileType = sourcecode.c.objc; path = MFC_SignupViewController.m; sourceTree = "<group>"; };
		00ED604F1A804B5D00ED1229 /* TK_ProfileViewController.h */ = {isa = PBXFileReference; fileEncoding = 4; lastKnownFileType = sourcecode.c.h; path = TK_ProfileViewController.h; sourceTree = "<group>"; };
		00ED60501A804B5D00ED1229 /* TK_ProfileViewController.m */ = {isa = PBXFileReference; fileEncoding = 4; lastKnownFileType = sourcecode.c.objc; path = TK_ProfileViewController.m; sourceTree = "<group>"; };
		25A72F281A319CF20076AE07 /* TokenApp.app */ = {isa = PBXFileReference; explicitFileType = wrapper.application; includeInIndex = 0; path = TokenApp.app; sourceTree = BUILT_PRODUCTS_DIR; };
		25A72F2C1A319CF20076AE07 /* Info.plist */ = {isa = PBXFileReference; lastKnownFileType = text.plist.xml; path = Info.plist; sourceTree = "<group>"; };
		25A72F2D1A319CF20076AE07 /* main.m */ = {isa = PBXFileReference; lastKnownFileType = sourcecode.c.objc; path = main.m; sourceTree = "<group>"; };
		25A72F2F1A319CF20076AE07 /* AppDelegate.h */ = {isa = PBXFileReference; lastKnownFileType = sourcecode.c.h; path = AppDelegate.h; sourceTree = "<group>"; };
		25A72F301A319CF20076AE07 /* AppDelegate.m */ = {isa = PBXFileReference; lastKnownFileType = sourcecode.c.objc; path = AppDelegate.m; sourceTree = "<group>"; };
		25A72F381A319CF30076AE07 /* Images.xcassets */ = {isa = PBXFileReference; lastKnownFileType = folder.assetcatalog; path = Images.xcassets; sourceTree = "<group>"; };
		25A72F3B1A319CF30076AE07 /* Base */ = {isa = PBXFileReference; lastKnownFileType = file.xib; name = Base; path = Base.lproj/LaunchScreen.xib; sourceTree = "<group>"; };
		25A72F411A319CF30076AE07 /* TokenAppTests.xctest */ = {isa = PBXFileReference; explicitFileType = wrapper.cfbundle; includeInIndex = 0; path = TokenAppTests.xctest; sourceTree = BUILT_PRODUCTS_DIR; };
		25A72F461A319CF30076AE07 /* Info.plist */ = {isa = PBXFileReference; lastKnownFileType = text.plist.xml; path = Info.plist; sourceTree = "<group>"; };
		25A72F471A319CF30076AE07 /* TokenAppTests.m */ = {isa = PBXFileReference; lastKnownFileType = sourcecode.c.objc; path = TokenAppTests.m; sourceTree = "<group>"; };
		25ED67481A3212AB004CD269 /* Bolts.framework */ = {isa = PBXFileReference; lastKnownFileType = wrapper.framework; path = Bolts.framework; sourceTree = "<group>"; };
		25ED67491A3212AB004CD269 /* Parse.framework */ = {isa = PBXFileReference; lastKnownFileType = wrapper.framework; path = Parse.framework; sourceTree = "<group>"; };
		25ED674A1A3212AB004CD269 /* ParseFacebookUtils.framework */ = {isa = PBXFileReference; lastKnownFileType = wrapper.framework; path = ParseFacebookUtils.framework; sourceTree = "<group>"; };
		25ED674B1A3212AB004CD269 /* ParseUI.framework */ = {isa = PBXFileReference; lastKnownFileType = wrapper.framework; path = ParseUI.framework; sourceTree = "<group>"; };
		25ED67501A3212CE004CD269 /* Accounts.framework */ = {isa = PBXFileReference; lastKnownFileType = wrapper.framework; name = Accounts.framework; path = System/Library/Frameworks/Accounts.framework; sourceTree = SDKROOT; };
		25ED67521A3212DD004CD269 /* AudioToolbox.framework */ = {isa = PBXFileReference; lastKnownFileType = wrapper.framework; name = AudioToolbox.framework; path = System/Library/Frameworks/AudioToolbox.framework; sourceTree = SDKROOT; };
		25ED67541A3212E8004CD269 /* CFNetwork.framework */ = {isa = PBXFileReference; lastKnownFileType = wrapper.framework; name = CFNetwork.framework; path = System/Library/Frameworks/CFNetwork.framework; sourceTree = SDKROOT; };
		25ED67561A3212EF004CD269 /* CoreGraphics.framework */ = {isa = PBXFileReference; lastKnownFileType = wrapper.framework; name = CoreGraphics.framework; path = System/Library/Frameworks/CoreGraphics.framework; sourceTree = SDKROOT; };
		25ED67581A3212F9004CD269 /* CoreLocation.framework */ = {isa = PBXFileReference; lastKnownFileType = wrapper.framework; name = CoreLocation.framework; path = System/Library/Frameworks/CoreLocation.framework; sourceTree = SDKROOT; };
		25ED675A1A321305004CD269 /* libz.dylib */ = {isa = PBXFileReference; lastKnownFileType = "compiled.mach-o.dylib"; name = libz.dylib; path = usr/lib/libz.dylib; sourceTree = SDKROOT; };
		25ED675C1A32130F004CD269 /* MobileCoreServices.framework */ = {isa = PBXFileReference; lastKnownFileType = wrapper.framework; name = MobileCoreServices.framework; path = System/Library/Frameworks/MobileCoreServices.framework; sourceTree = SDKROOT; };
		25ED675E1A321319004CD269 /* QuartzCore.framework */ = {isa = PBXFileReference; lastKnownFileType = wrapper.framework; name = QuartzCore.framework; path = System/Library/Frameworks/QuartzCore.framework; sourceTree = SDKROOT; };
		25ED67601A321327004CD269 /* Security.framework */ = {isa = PBXFileReference; lastKnownFileType = wrapper.framework; name = Security.framework; path = System/Library/Frameworks/Security.framework; sourceTree = SDKROOT; };
		25ED67621A32132D004CD269 /* Social.framework */ = {isa = PBXFileReference; lastKnownFileType = wrapper.framework; name = Social.framework; path = System/Library/Frameworks/Social.framework; sourceTree = SDKROOT; };
		25ED67641A321337004CD269 /* StoreKit.framework */ = {isa = PBXFileReference; lastKnownFileType = wrapper.framework; name = StoreKit.framework; path = System/Library/Frameworks/StoreKit.framework; sourceTree = SDKROOT; };
		25ED67661A321345004CD269 /* SystemConfiguration.framework */ = {isa = PBXFileReference; lastKnownFileType = wrapper.framework; name = SystemConfiguration.framework; path = System/Library/Frameworks/SystemConfiguration.framework; sourceTree = SDKROOT; };
		3AC5C335474F0AB015BEB33A /* libPods-TokenApp.a */ = {isa = PBXFileReference; explicitFileType = archive.ar; includeInIndex = 0; path = "libPods-TokenApp.a"; sourceTree = BUILT_PRODUCTS_DIR; };
		63ACCE5B0EFB743C7B10E7DA /* Pods-TokenApp.release.xcconfig */ = {isa = PBXFileReference; includeInIndex = 1; lastKnownFileType = text.xcconfig; name = "Pods-TokenApp.release.xcconfig"; path = "Pods/Target Support Files/Pods-TokenApp/Pods-TokenApp.release.xcconfig"; sourceTree = "<group>"; };
		B9145C901A3CFA4C00A88B94 /* Macros.h */ = {isa = PBXFileReference; lastKnownFileType = sourcecode.c.h; path = Macros.h; sourceTree = "<group>"; };
		B97F00FB1A6ECAD400690309 /* BalanceTableViewCell.h */ = {isa = PBXFileReference; fileEncoding = 4; lastKnownFileType = sourcecode.c.h; path = BalanceTableViewCell.h; sourceTree = "<group>"; };
		B97F00FC1A6ECAD400690309 /* BalanceTableViewCell.m */ = {isa = PBXFileReference; fileEncoding = 4; lastKnownFileType = sourcecode.c.objc; path = BalanceTableViewCell.m; sourceTree = "<group>"; };
		B991FD8B1A3E62E700BB902F /* CustomActivityTableViewCell.h */ = {isa = PBXFileReference; fileEncoding = 4; lastKnownFileType = sourcecode.c.h; path = CustomActivityTableViewCell.h; sourceTree = "<group>"; };
		B991FD8C1A3E62E700BB902F /* CustomActivityTableViewCell.m */ = {isa = PBXFileReference; fileEncoding = 4; lastKnownFileType = sourcecode.c.objc; path = CustomActivityTableViewCell.m; sourceTree = "<group>"; };
		B991FD8E1A3E6C8B00BB902F /* Default@3x.png */ = {isa = PBXFileReference; lastKnownFileType = image.png; path = "Default@3x.png"; sourceTree = "<group>"; };
		B996AD1E1A8163F300C3B98E /* CurrentUser.h */ = {isa = PBXFileReference; fileEncoding = 4; lastKnownFileType = sourcecode.c.h; path = CurrentUser.h; sourceTree = "<group>"; };
		B996AD1F1A8163F300C3B98E /* CurrentUser.m */ = {isa = PBXFileReference; fileEncoding = 4; lastKnownFileType = sourcecode.c.objc; path = CurrentUser.m; sourceTree = "<group>"; };
		B9C6EB201A523D42003975CF /* tokenapp-facebook-info.plist */ = {isa = PBXFileReference; fileEncoding = 4; lastKnownFileType = text.plist.xml; path = "tokenapp-facebook-info.plist"; sourceTree = "<group>"; };
		B9D1A6B11A44A89B00BA2874 /* TKUtility.h */ = {isa = PBXFileReference; fileEncoding = 4; lastKnownFileType = sourcecode.c.h; path = TKUtility.h; sourceTree = "<group>"; };
		B9D1A6B21A44A89B00BA2874 /* TKUtility.m */ = {isa = PBXFileReference; fileEncoding = 4; lastKnownFileType = sourcecode.c.objc; path = TKUtility.m; sourceTree = "<group>"; };
		B9F2366C1A3A468B00E485CE /* Login.xcassets */ = {isa = PBXFileReference; lastKnownFileType = folder.assetcatalog; path = Login.xcassets; sourceTree = "<group>"; };
		B9F2366E1A3A46D300E485CE /* Profile.xcassets */ = {isa = PBXFileReference; lastKnownFileType = folder.assetcatalog; path = Profile.xcassets; sourceTree = "<group>"; };
		B9F359D11A43AE7600476FF7 /* Constants.h */ = {isa = PBXFileReference; lastKnownFileType = sourcecode.c.h; path = Constants.h; sourceTree = "<group>"; };
		B9F359D21A43AEBF00476FF7 /* Constants.m */ = {isa = PBXFileReference; fileEncoding = 4; lastKnownFileType = sourcecode.c.objc; path = Constants.m; sourceTree = "<group>"; };
		B9F359D41A43B22A00476FF7 /* TKCache.h */ = {isa = PBXFileReference; fileEncoding = 4; lastKnownFileType = sourcecode.c.h; path = TKCache.h; sourceTree = "<group>"; };
		B9F359D51A43B22A00476FF7 /* TKCache.m */ = {isa = PBXFileReference; fileEncoding = 4; lastKnownFileType = sourcecode.c.objc; path = TKCache.m; sourceTree = "<group>"; };
		B9FD55851A415665006AE066 /* Content.xcassets */ = {isa = PBXFileReference; lastKnownFileType = folder.assetcatalog; path = Content.xcassets; sourceTree = "<group>"; };
		B9FD55871A4157C4006AE066 /* NavBar.xcassets */ = {isa = PBXFileReference; lastKnownFileType = folder.assetcatalog; path = NavBar.xcassets; sourceTree = "<group>"; };
		B9FD55891A4157EF006AE066 /* Create.xcassets */ = {isa = PBXFileReference; lastKnownFileType = folder.assetcatalog; path = Create.xcassets; sourceTree = "<group>"; };
		C2B542139EC1BE1E94B41BEC /* Pods-TokenApp.debug.xcconfig */ = {isa = PBXFileReference; includeInIndex = 1; lastKnownFileType = text.xcconfig; name = "Pods-TokenApp.debug.xcconfig"; path = "Pods/Target Support Files/Pods-TokenApp/Pods-TokenApp.debug.xcconfig"; sourceTree = "<group>"; };
/* End PBXFileReference section */

/* Begin PBXFrameworksBuildPhase section */
		25A72F251A319CF20076AE07 /* Frameworks */ = {
			isa = PBXFrameworksBuildPhase;
			buildActionMask = 2147483647;
			files = (
				25ED67631A32132D004CD269 /* Social.framework in Frameworks */,
				25ED67511A3212CE004CD269 /* Accounts.framework in Frameworks */,
				25ED67671A321345004CD269 /* SystemConfiguration.framework in Frameworks */,
				008AB0DF1ADCCC630025647B /* Fabric.framework in Frameworks */,
				25ED67651A321337004CD269 /* StoreKit.framework in Frameworks */,
				25ED67611A321327004CD269 /* Security.framework in Frameworks */,
				25ED675F1A321319004CD269 /* QuartzCore.framework in Frameworks */,
				25ED675D1A32130F004CD269 /* MobileCoreServices.framework in Frameworks */,
				00D24BCA1AEFE0B30072558F /* Crashlytics.framework in Frameworks */,
				25ED675B1A321305004CD269 /* libz.dylib in Frameworks */,
				25ED67591A3212F9004CD269 /* CoreLocation.framework in Frameworks */,
				25ED67571A3212EF004CD269 /* CoreGraphics.framework in Frameworks */,
				00CBEFB31A84125E00A32D0D /* Parse.framework in Frameworks */,
				008AB0DD1ADCCC630025647B /* TwitterKit.framework in Frameworks */,
				25ED67551A3212E8004CD269 /* CFNetwork.framework in Frameworks */,
				25ED67531A3212DD004CD269 /* AudioToolbox.framework in Frameworks */,
				12C3ECEC58F2EFB60B8FCB19 /* libPods-TokenApp.a in Frameworks */,
			);
			runOnlyForDeploymentPostprocessing = 0;
		};
		25A72F3E1A319CF30076AE07 /* Frameworks */ = {
			isa = PBXFrameworksBuildPhase;
			buildActionMask = 2147483647;
			files = (
			);
			runOnlyForDeploymentPostprocessing = 0;
		};
/* End PBXFrameworksBuildPhase section */

/* Begin PBXGroup section */
		0004765E1A9AA02000247BF8 /* Categories */ = {
			isa = PBXGroup;
			children = (
				002E16381A94EFAF000AE37B /* UIViewController+Camera.h */,
				002E16391A94EFAF000AE37B /* UIViewController+Camera.m */,
				000476621A9AE3DE00247BF8 /* UIColor+HEX.h */,
				000476631A9AE3DE00247BF8 /* UIColor+HEX.m */,
			);
			name = Categories;
			sourceTree = "<group>";
		};
		0009F6891ACB267700A40A75 /* Content */ = {
			isa = PBXGroup;
			children = (
				00A68EAE1A9F9B2300AAB98F /* Notification.h */,
				00A68EAF1A9F9B2300AAB98F /* Notification.m */,
				00C6DE621ABE2CEB00CC410C /* Activity.h */,
				00C6DE631ABE2CEB00CC410C /* Activity.m */,
				00D24BBA1AE94D3F0072558F /* BalanceActivity.h */,
				00D24BBB1AE94D3F0072558F /* BalanceActivity.m */,
				00C6DE531ABCAE2400CC410C /* Photo.h */,
				00C6DE541ABCAE2400CC410C /* Photo.m */,
				00C6DE561ABCB51200CC410C /* Video.h */,
				00C6DE571ABCB51200CC410C /* Video.m */,
				00C6DE591ABCB73E00CC410C /* Post.h */,
				00C6DE5A1ABCB73E00CC410C /* Post.m */,
				00C6DE5C1ABCD1CD00CC410C /* Link.h */,
				00C6DE5D1ABCD1CD00CC410C /* Link.m */,
				00C6DE5F1ABE2B4F00CC410C /* Comment.h */,
				00C6DE601ABE2B4F00CC410C /* Comment.m */,
				004ED88C1AF002F100106071 /* HomeFeedPost.h */,
				004ED88D1AF002F100106071 /* HomeFeedPost.m */,
			);
			name = Content;
			sourceTree = "<group>";
		};
		000FC6831A9111FA00A4F50F /* TabBar */ = {
			isa = PBXGroup;
			children = (
				00BF7B921A8DBABD0089194E /* CustomTabBar.h */,
				00BF7B931A8DBABD0089194E /* CustomTabBar.m */,
				00BF7B901A8DB9440089194E /* TK_TabBarViewController.m */,
				00BF7B8F1A8DB9440089194E /* TK_TabBarViewController.h */,
			);
			name = TabBar;
			sourceTree = "<group>";
		};
		000FC6841A91122700A4F50F /* LogIn */ = {
			isa = PBXGroup;
			children = (
				00ED60401A7FDE1800ED1229 /* MFC_SignupViewController.h */,
				00ED60411A7FDE1800ED1229 /* MFC_SignupViewController.m */,
				00ED602E1A7ED68500ED1229 /* LaunchPageViewController.h */,
				00ED602F1A7ED68500ED1229 /* LaunchPageViewController.m */,
				00ED60341A7F5BA300ED1229 /* MFC_LogInViewController.h */,
				00ED60351A7F5BA300ED1229 /* MFC_LogInViewController.m */,
				00ED603D1A7F689B00ED1229 /* MFC_ForgotPasswordViewController.h */,
				00ED603E1A7F689B00ED1229 /* MFC_ForgotPasswordViewController.m */,
			);
			name = LogIn;
			sourceTree = "<group>";
		};
		001ECB951AFAA59600536961 /* HomeFeed */ = {
			isa = PBXGroup;
			children = (
				00D24BC31AEDB7600072558F /* HomeFeedViewController.h */,
				00D24BC41AEDB7600072558F /* HomeFeedViewController.m */,
				00D24BC61AEDB7850072558F /* HomeFeedTableViewCell.h */,
				00D24BC71AEDB7850072558F /* HomeFeedTableViewCell.m */,
				0041C6091B0115D300EDA4FF /* ContentDetailViewController.h */,
				0041C60A1B0115D300EDA4FF /* ContentDetailViewController.m */,
				0041C60C1B01165C00EDA4FF /* ContentDetailTableViewCell.h */,
				0041C60D1B01165C00EDA4FF /* ContentDetailTableViewCell.m */,
				006752321B0BB092002CD4CE /* ContentWebViewController.h */,
				006752331B0BB092002CD4CE /* ContentWebViewController.m */,
			);
			name = HomeFeed;
			sourceTree = "<group>";
		};
		002E16361A94ED0B000AE37B /* Profile */ = {
			isa = PBXGroup;
			children = (
				00292EFA1A9850BB0086A219 /* ProfileCollectionReusableView.h */,
				00292EFB1A9850BB0086A219 /* ProfileCollectionReusableView.m */,
				00ED604F1A804B5D00ED1229 /* TK_ProfileViewController.h */,
				00ED60501A804B5D00ED1229 /* TK_ProfileViewController.m */,
				0041C60F1B014ED500EDA4FF /* OthersProfileViewController.h */,
				0041C6101B014ED500EDA4FF /* OthersProfileViewController.m */,
				00A68EA51A9EDC1F00AAB98F /* NotificationViewController.h */,
				00A68EA61A9EDC1F00AAB98F /* NotificationViewController.m */,
				00A68EAB1A9EEE5F00AAB98F /* NotificationsTableViewCell.h */,
				00A68EAC1A9EEE5F00AAB98F /* NotificationsTableViewCell.m */,
				0004765F1A9AB47B00247BF8 /* PersonalActivityViewController.h */,
				000476601A9AB47B00247BF8 /* PersonalActivityViewController.m */,
				009EE0C91A9BC79B00BEA172 /* UserActivityTableViewCell.h */,
				009EE0CA1A9BC79B00BEA172 /* UserActivityTableViewCell.m */,
				002E163B1A955973000AE37B /* ProfileCollectionViewCell.h */,
				002E163C1A955973000AE37B /* ProfileCollectionViewCell.m */,
				00A68E991A9D12C100AAB98F /* FollowersViewController.h */,
				00A68E9A1A9D12C100AAB98F /* FollowersViewController.m */,
				00A68E931A9D10C500AAB98F /* FollowersTableViewCell.h */,
				00A68E941A9D10C500AAB98F /* FollowersTableViewCell.m */,
				009DE9551AA7BE8500429AC4 /* SettingsViewController.h */,
				009DE9561AA7BE8500429AC4 /* SettingsViewController.m */,
				00A990FD1AD722C500A635D7 /* DetailedContentViewController.h */,
				00A990FE1AD722C500A635D7 /* DetailedContentViewController.m */,
				004153811AE6CD0F00A19E77 /* ChangePasswordViewController.h */,
				004153821AE6CD0F00A19E77 /* ChangePasswordViewController.m */,
			);
			name = Profile;
			sourceTree = "<group>";
		};
		002E16371A94EE6C000AE37B /* Model */ = {
			isa = PBXGroup;
			children = (
				0009F6891ACB267700A40A75 /* Content */,
				B996AD1E1A8163F300C3B98E /* CurrentUser.h */,
				B996AD1F1A8163F300C3B98E /* CurrentUser.m */,
				00C6DE651ABE2E8100CC410C /* User.h */,
				00C6DE661ABE2E8100CC410C /* User.m */,
				001781E51AC466A800A62CD5 /* TK_Manager.h */,
				001781E61AC466A800A62CD5 /* TK_Manager.m */,
			);
			name = Model;
			sourceTree = "<group>";
		};
		00BF7B951A8DCA720089194E /* Create */ = {
			isa = PBXGroup;
			children = (
				000FC6851A91142900A4F50F /* CreateMainView.xib */,
				000FC6871A91194B00A4F50F /* CreateMainView.h */,
				000FC6881A91194B00A4F50F /* CreateMainView.m */,
				00D71CC61A8D6B290022E856 /* TK_LinkViewController.h */,
				00D71CC71A8D6B290022E856 /* TK_LinkViewController.m */,
				000F079A1A8D3CBF003E1596 /* TK_PostViewController.h */,
				000F079B1A8D3CBF003E1596 /* TK_PostViewController.m */,
				00B204841A82B3F8006A259A /* TK_DescriptionViewController.h */,
				00B204851A82B3F8006A259A /* TK_DescriptionViewController.m */,
				00D14FBC1A81BF9700271031 /* CamerOverlay.h */,
				00D14FBD1A81BF9700271031 /* CamerOverlay.m */,
				0041C6061B006C3F00EDA4FF /* PreviewViewController.h */,
				0041C6071B006C3F00EDA4FF /* PreviewViewController.m */,
			);
			name = Create;
			sourceTree = "<group>";
		};
		25A72F1F1A319CF20076AE07 = {
			isa = PBXGroup;
			children = (
				00D24BC91AEFE0B30072558F /* Crashlytics.framework */,
				25A72F2A1A319CF20076AE07 /* TokenApp */,
				25A72F441A319CF30076AE07 /* TokenAppTests */,
				25A72F291A319CF20076AE07 /* Products */,
				25ED67681A321374004CD269 /* Frameworks */,
				616C1AF23192634B1AEFCA89 /* Pods */,
			);
			sourceTree = "<group>";
		};
		25A72F291A319CF20076AE07 /* Products */ = {
			isa = PBXGroup;
			children = (
				25A72F281A319CF20076AE07 /* TokenApp.app */,
				25A72F411A319CF30076AE07 /* TokenAppTests.xctest */,
			);
			name = Products;
			sourceTree = "<group>";
		};
		25A72F2A1A319CF20076AE07 /* TokenApp */ = {
			isa = PBXGroup;
			children = (
				002E16271A93E0C4000AE37B /* Main.storyboard */,
				25A72F2F1A319CF20076AE07 /* AppDelegate.h */,
				25A72F301A319CF20076AE07 /* AppDelegate.m */,
				0004765E1A9AA02000247BF8 /* Categories */,
				002E16371A94EE6C000AE37B /* Model */,
				000FC6841A91122700A4F50F /* LogIn */,
				000FC6831A9111FA00A4F50F /* TabBar */,
				00BF7B951A8DCA720089194E /* Create */,
				001ECB951AFAA59600536961 /* HomeFeed */,
				002E16361A94ED0B000AE37B /* Profile */,
				B9A4D3971A491BEA00EDD2C9 /* Discover */,
				B9B61BC61A462E0F00A83987 /* Support */,
				B991FD8B1A3E62E700BB902F /* CustomActivityTableViewCell.h */,
				B991FD8C1A3E62E700BB902F /* CustomActivityTableViewCell.m */,
				B97F00F31A6EC2D100690309 /* Balance */,
				B9F2366C1A3A468B00E485CE /* Login.xcassets */,
				0018EA761AB2A9D2008B80FD /* Explore.xcassets */,
				00D24BB21AE8009A0072558F /* Balance.xcassets */,
				B9FD55851A415665006AE066 /* Content.xcassets */,
				B9FD55891A4157EF006AE066 /* Create.xcassets */,
				B9F2366E1A3A46D300E485CE /* Profile.xcassets */,
				25A72F381A319CF30076AE07 /* Images.xcassets */,
				B9FD55871A4157C4006AE066 /* NavBar.xcassets */,
				B991FD8E1A3E6C8B00BB902F /* Default@3x.png */,
				25A72F3A1A319CF30076AE07 /* LaunchScreen.xib */,
				25A72F2B1A319CF20076AE07 /* Supporting Files */,
			);
			path = TokenApp;
			sourceTree = "<group>";
		};
		25A72F2B1A319CF20076AE07 /* Supporting Files */ = {
			isa = PBXGroup;
			children = (
				25A72F2C1A319CF20076AE07 /* Info.plist */,
				25A72F2D1A319CF20076AE07 /* main.m */,
				B9C6EB201A523D42003975CF /* tokenapp-facebook-info.plist */,
			);
			name = "Supporting Files";
			sourceTree = "<group>";
		};
		25A72F441A319CF30076AE07 /* TokenAppTests */ = {
			isa = PBXGroup;
			children = (
				25A72F471A319CF30076AE07 /* TokenAppTests.m */,
				25A72F451A319CF30076AE07 /* Supporting Files */,
			);
			path = TokenAppTests;
			sourceTree = "<group>";
		};
		25A72F451A319CF30076AE07 /* Supporting Files */ = {
			isa = PBXGroup;
			children = (
				25A72F461A319CF30076AE07 /* Info.plist */,
			);
			name = "Supporting Files";
			sourceTree = "<group>";
		};
		25ED67681A321374004CD269 /* Frameworks */ = {
			isa = PBXGroup;
			children = (
				008AB0DA1ADCCC630025647B /* TwitterKit.framework */,
				008AB0DB1ADCCC630025647B /* TwitterKitResources.bundle */,
				008AB0DC1ADCCC630025647B /* Fabric.framework */,
				25ED67661A321345004CD269 /* SystemConfiguration.framework */,
				25ED67641A321337004CD269 /* StoreKit.framework */,
				25ED67621A32132D004CD269 /* Social.framework */,
				25ED67601A321327004CD269 /* Security.framework */,
				25ED675E1A321319004CD269 /* QuartzCore.framework */,
				25ED675C1A32130F004CD269 /* MobileCoreServices.framework */,
				25ED675A1A321305004CD269 /* libz.dylib */,
				25ED67581A3212F9004CD269 /* CoreLocation.framework */,
				25ED67561A3212EF004CD269 /* CoreGraphics.framework */,
				25ED67541A3212E8004CD269 /* CFNetwork.framework */,
				25ED67521A3212DD004CD269 /* AudioToolbox.framework */,
				25ED67501A3212CE004CD269 /* Accounts.framework */,
				25ED67481A3212AB004CD269 /* Bolts.framework */,
				00CBEFB21A84125E00A32D0D /* Parse.framework */,
				25ED67491A3212AB004CD269 /* Parse.framework */,
				25ED674A1A3212AB004CD269 /* ParseFacebookUtils.framework */,
				25ED674B1A3212AB004CD269 /* ParseUI.framework */,
				3AC5C335474F0AB015BEB33A /* libPods-TokenApp.a */,
			);
			name = Frameworks;
			sourceTree = "<group>";
		};
		616C1AF23192634B1AEFCA89 /* Pods */ = {
			isa = PBXGroup;
			children = (
				C2B542139EC1BE1E94B41BEC /* Pods-TokenApp.debug.xcconfig */,
				63ACCE5B0EFB743C7B10E7DA /* Pods-TokenApp.release.xcconfig */,
			);
			name = Pods;
			sourceTree = "<group>";
		};
		B97F00F31A6EC2D100690309 /* Balance */ = {
			isa = PBXGroup;
			children = (
				B97F00FB1A6ECAD400690309 /* BalanceTableViewCell.h */,
				B97F00FC1A6ECAD400690309 /* BalanceTableViewCell.m */,
				002E162A1A93E957000AE37B /* BalanceViewController.h */,
				002E162B1A93E957000AE37B /* BalanceViewController.m */,
				00D24BAF1AE6F9FB0072558F /* BalanceHeaderTableViewCell.h */,
				00D24BB01AE6F9FB0072558F /* BalanceHeaderTableViewCell.m */,
				00D24BBD1AEAF2AE0072558F /* BalanceTransactionViewController.h */,
				00D24BBE1AEAF2AE0072558F /* BalanceTransactionViewController.m */,
				00D24BB71AE82F440072558F /* BalanceActivtyTableViewCell.h */,
				00D24BB81AE82F440072558F /* BalanceActivtyTableViewCell.m */,
			);
			name = Balance;
			sourceTree = "<group>";
		};
		B9A4D3971A491BEA00EDD2C9 /* Discover */ = {
			isa = PBXGroup;
			children = (
				002E162D1A93F6E4000AE37B /* ExploreViewController.h */,
				002E162E1A93F6E4000AE37B /* ExploreViewController.m */,
				0007AF8A1B016D8D0066643C /* DiscoverUserTableViewCell.h */,
				0007AF8B1B016D8D0066643C /* DiscoverUserTableViewCell.m */,
			);
			name = Discover;
			sourceTree = "<group>";
		};
		B9B61BC61A462E0F00A83987 /* Support */ = {
			isa = PBXGroup;
			children = (
				B9D1A6B11A44A89B00BA2874 /* TKUtility.h */,
				B9D1A6B21A44A89B00BA2874 /* TKUtility.m */,
				B9F359D41A43B22A00476FF7 /* TKCache.h */,
				B9F359D51A43B22A00476FF7 /* TKCache.m */,
				B9145C901A3CFA4C00A88B94 /* Macros.h */,
				B9F359D11A43AE7600476FF7 /* Constants.h */,
				B9F359D21A43AEBF00476FF7 /* Constants.m */,
			);
			name = Support;
			sourceTree = "<group>";
		};
/* End PBXGroup section */

/* Begin PBXNativeTarget section */
		25A72F271A319CF20076AE07 /* TokenApp */ = {
			isa = PBXNativeTarget;
			buildConfigurationList = 25A72F4B1A319CF30076AE07 /* Build configuration list for PBXNativeTarget "TokenApp" */;
			buildPhases = (
				29413F6686C7D0E5BB8B0C31 /* Check Pods Manifest.lock */,
				25A72F241A319CF20076AE07 /* Sources */,
				25A72F251A319CF20076AE07 /* Frameworks */,
				25A72F261A319CF20076AE07 /* Resources */,
				4918ADB6E8CC7EB538B92960 /* Copy Pods Resources */,
				008AB0D91ADCCBE50025647B /* ShellScript */,
			);
			buildRules = (
			);
			dependencies = (
			);
			name = TokenApp;
			productName = TokenApp;
			productReference = 25A72F281A319CF20076AE07 /* TokenApp.app */;
			productType = "com.apple.product-type.application";
		};
		25A72F401A319CF30076AE07 /* TokenAppTests */ = {
			isa = PBXNativeTarget;
			buildConfigurationList = 25A72F4E1A319CF30076AE07 /* Build configuration list for PBXNativeTarget "TokenAppTests" */;
			buildPhases = (
				25A72F3D1A319CF30076AE07 /* Sources */,
				25A72F3E1A319CF30076AE07 /* Frameworks */,
				25A72F3F1A319CF30076AE07 /* Resources */,
			);
			buildRules = (
			);
			dependencies = (
				25A72F431A319CF30076AE07 /* PBXTargetDependency */,
			);
			name = TokenAppTests;
			productName = TokenAppTests;
			productReference = 25A72F411A319CF30076AE07 /* TokenAppTests.xctest */;
			productType = "com.apple.product-type.bundle.unit-test";
		};
/* End PBXNativeTarget section */

/* Begin PBXProject section */
		25A72F201A319CF20076AE07 /* Project object */ = {
			isa = PBXProject;
			attributes = {
				LastUpgradeCheck = 0610;
				ORGANIZATIONNAME = ABaselNotBasilProduction;
				TargetAttributes = {
					25A72F271A319CF20076AE07 = {
						CreatedOnToolsVersion = 6.1;
						DevelopmentTeam = JDSBMDRW58;
					};
					25A72F401A319CF30076AE07 = {
						CreatedOnToolsVersion = 6.1;
						DevelopmentTeam = M937F246YV;
						TestTargetID = 25A72F271A319CF20076AE07;
					};
				};
			};
			buildConfigurationList = 25A72F231A319CF20076AE07 /* Build configuration list for PBXProject "TokenApp" */;
			compatibilityVersion = "Xcode 3.2";
			developmentRegion = English;
			hasScannedForEncodings = 0;
			knownRegions = (
				en,
				Base,
			);
			mainGroup = 25A72F1F1A319CF20076AE07;
			productRefGroup = 25A72F291A319CF20076AE07 /* Products */;
			projectDirPath = "";
			projectRoot = "";
			targets = (
				25A72F271A319CF20076AE07 /* TokenApp */,
				25A72F401A319CF30076AE07 /* TokenAppTests */,
			);
		};
/* End PBXProject section */

/* Begin PBXResourcesBuildPhase section */
		25A72F261A319CF20076AE07 /* Resources */ = {
			isa = PBXResourcesBuildPhase;
			buildActionMask = 2147483647;
			files = (
				B9C6EB211A523D42003975CF /* tokenapp-facebook-info.plist in Resources */,
				000FC6861A91142900A4F50F /* CreateMainView.xib in Resources */,
				008AB0DE1ADCCC630025647B /* TwitterKitResources.bundle in Resources */,
				B991FD8F1A3E6C8B00BB902F /* Default@3x.png in Resources */,
				00D24BB31AE8009A0072558F /* Balance.xcassets in Resources */,
				B9FD558A1A4157EF006AE066 /* Create.xcassets in Resources */,
				B9F2366D1A3A468B00E485CE /* Login.xcassets in Resources */,
				002E16291A93E0C4000AE37B /* Main.storyboard in Resources */,
				25A72F3C1A319CF30076AE07 /* LaunchScreen.xib in Resources */,
				25A72F391A319CF30076AE07 /* Images.xcassets in Resources */,
				B9FD55881A4157C4006AE066 /* NavBar.xcassets in Resources */,
				B9F2366F1A3A46D300E485CE /* Profile.xcassets in Resources */,
				B9FD55861A415665006AE066 /* Content.xcassets in Resources */,
				0018EA771AB2A9D2008B80FD /* Explore.xcassets in Resources */,
			);
			runOnlyForDeploymentPostprocessing = 0;
		};
		25A72F3F1A319CF30076AE07 /* Resources */ = {
			isa = PBXResourcesBuildPhase;
			buildActionMask = 2147483647;
			files = (
			);
			runOnlyForDeploymentPostprocessing = 0;
		};
/* End PBXResourcesBuildPhase section */

/* Begin PBXShellScriptBuildPhase section */
		008AB0D91ADCCBE50025647B /* ShellScript */ = {
			isa = PBXShellScriptBuildPhase;
			buildActionMask = 2147483647;
			files = (
			);
			inputPaths = (
			);
			outputPaths = (
			);
			runOnlyForDeploymentPostprocessing = 0;
			shellPath = /bin/sh;
			shellScript = "./Fabric.framework/run 53afe955a40f541aae5a7b50c923ad7385a88d81 da0261b384af771d4781279fe82ae295ce945c034759094cbc1a5f1596867767";
		};
		29413F6686C7D0E5BB8B0C31 /* Check Pods Manifest.lock */ = {
			isa = PBXShellScriptBuildPhase;
			buildActionMask = 2147483647;
			files = (
			);
			inputPaths = (
			);
			name = "Check Pods Manifest.lock";
			outputPaths = (
			);
			runOnlyForDeploymentPostprocessing = 0;
			shellPath = /bin/sh;
			shellScript = "diff \"${PODS_ROOT}/../Podfile.lock\" \"${PODS_ROOT}/Manifest.lock\" > /dev/null\nif [[ $? != 0 ]] ; then\n    cat << EOM\nerror: The sandbox is not in sync with the Podfile.lock. Run 'pod install' or update your CocoaPods installation.\nEOM\n    exit 1\nfi\n";
			showEnvVarsInLog = 0;
		};
		4918ADB6E8CC7EB538B92960 /* Copy Pods Resources */ = {
			isa = PBXShellScriptBuildPhase;
			buildActionMask = 2147483647;
			files = (
			);
			inputPaths = (
			);
			name = "Copy Pods Resources";
			outputPaths = (
			);
			runOnlyForDeploymentPostprocessing = 0;
			shellPath = /bin/sh;
			shellScript = "\"${SRCROOT}/Pods/Target Support Files/Pods-TokenApp/Pods-TokenApp-resources.sh\"\n";
			showEnvVarsInLog = 0;
		};
/* End PBXShellScriptBuildPhase section */

/* Begin PBXSourcesBuildPhase section */
		25A72F241A319CF20076AE07 /* Sources */ = {
			isa = PBXSourcesBuildPhase;
			buildActionMask = 2147483647;
			files = (
				000476611A9AB47B00247BF8 /* PersonalActivityViewController.m in Sources */,
				00BF7B911A8DB9440089194E /* TK_TabBarViewController.m in Sources */,
				00ED60361A7F5BA300ED1229 /* MFC_LogInViewController.m in Sources */,
				00D24BC51AEDB7600072558F /* HomeFeedViewController.m in Sources */,
				002E163D1A955973000AE37B /* ProfileCollectionViewCell.m in Sources */,
				006752341B0BB092002CD4CE /* ContentWebViewController.m in Sources */,
				00C6DE551ABCAE2400CC410C /* Photo.m in Sources */,
				B97F00FD1A6ECAD400690309 /* BalanceTableViewCell.m in Sources */,
				00ED60301A7ED68500ED1229 /* LaunchPageViewController.m in Sources */,
				00C6DE581ABCB51200CC410C /* Video.m in Sources */,
				00A990FF1AD722C500A635D7 /* DetailedContentViewController.m in Sources */,
				004ED88E1AF002F100106071 /* HomeFeedPost.m in Sources */,
				0041C6111B014ED500EDA4FF /* OthersProfileViewController.m in Sources */,
				0041C60E1B01165C00EDA4FF /* ContentDetailTableViewCell.m in Sources */,
				0041C60B1B0115D300EDA4FF /* ContentDetailViewController.m in Sources */,
				00A68E951A9D10C500AAB98F /* FollowersTableViewCell.m in Sources */,
				B991FD8D1A3E62E700BB902F /* CustomActivityTableViewCell.m in Sources */,
				00C6DE671ABE2E8100CC410C /* User.m in Sources */,
				00C6DE641ABE2CEB00CC410C /* Activity.m in Sources */,
				00ED60511A804B5D00ED1229 /* TK_ProfileViewController.m in Sources */,
				0007AF8C1B016D8D0066643C /* DiscoverUserTableViewCell.m in Sources */,
				00D24BB91AE82F440072558F /* BalanceActivtyTableViewCell.m in Sources */,
				25A72F311A319CF20076AE07 /* AppDelegate.m in Sources */,
				009DE9571AA7BE8500429AC4 /* SettingsViewController.m in Sources */,
				B9F359D61A43B22A00476FF7 /* TKCache.m in Sources */,
				00C6DE5B1ABCB73E00CC410C /* Post.m in Sources */,
				002E162F1A93F6E4000AE37B /* ExploreViewController.m in Sources */,
				000476641A9AE3DE00247BF8 /* UIColor+HEX.m in Sources */,
				002E162C1A93E957000AE37B /* BalanceViewController.m in Sources */,
				00C6DE5E1ABCD1CD00CC410C /* Link.m in Sources */,
				004153831AE6CD0F00A19E77 /* ChangePasswordViewController.m in Sources */,
				00D24BB11AE6F9FB0072558F /* BalanceHeaderTableViewCell.m in Sources */,
				001781E71AC466A800A62CD5 /* TK_Manager.m in Sources */,
				00D24BBC1AE94D3F0072558F /* BalanceActivity.m in Sources */,
				009EE0CB1A9BC79B00BEA172 /* UserActivityTableViewCell.m in Sources */,
				00292EFC1A9850BB0086A219 /* ProfileCollectionReusableView.m in Sources */,
				00D71CC81A8D6B290022E856 /* TK_LinkViewController.m in Sources */,
				000FC6891A91194B00A4F50F /* CreateMainView.m in Sources */,
				002E163A1A94EFAF000AE37B /* UIViewController+Camera.m in Sources */,
				00A68EA71A9EDC1F00AAB98F /* NotificationViewController.m in Sources */,
				00D24BC81AEDB7850072558F /* HomeFeedTableViewCell.m in Sources */,
				00A68EAD1A9EEE5F00AAB98F /* NotificationsTableViewCell.m in Sources */,
				B996AD201A8163F300C3B98E /* CurrentUser.m in Sources */,
				00BF7B941A8DBABD0089194E /* CustomTabBar.m in Sources */,
				00D24BBF1AEAF2AE0072558F /* BalanceTransactionViewController.m in Sources */,
				0041C6081B006C3F00EDA4FF /* PreviewViewController.m in Sources */,
				00ED603F1A7F689B00ED1229 /* MFC_ForgotPasswordViewController.m in Sources */,
				00ED60421A7FDE1800ED1229 /* MFC_SignupViewController.m in Sources */,
				25A72F2E1A319CF20076AE07 /* main.m in Sources */,
				00D14FBE1A81BF9700271031 /* CamerOverlay.m in Sources */,
				00B204861A82B3F8006A259A /* TK_DescriptionViewController.m in Sources */,
				00A68EB01A9F9B2300AAB98F /* Notification.m in Sources */,
				00A68E9B1A9D12C100AAB98F /* FollowersViewController.m in Sources */,
				B9D1A6B31A44A89B00BA2874 /* TKUtility.m in Sources */,
				000F079C1A8D3CBF003E1596 /* TK_PostViewController.m in Sources */,
				B9F359D31A43AEBF00476FF7 /* Constants.m in Sources */,
				00C6DE611ABE2B4F00CC410C /* Comment.m in Sources */,
			);
			runOnlyForDeploymentPostprocessing = 0;
		};
		25A72F3D1A319CF30076AE07 /* Sources */ = {
			isa = PBXSourcesBuildPhase;
			buildActionMask = 2147483647;
			files = (
				25A72F481A319CF30076AE07 /* TokenAppTests.m in Sources */,
			);
			runOnlyForDeploymentPostprocessing = 0;
		};
/* End PBXSourcesBuildPhase section */

/* Begin PBXTargetDependency section */
		25A72F431A319CF30076AE07 /* PBXTargetDependency */ = {
			isa = PBXTargetDependency;
			target = 25A72F271A319CF20076AE07 /* TokenApp */;
			targetProxy = 25A72F421A319CF30076AE07 /* PBXContainerItemProxy */;
		};
/* End PBXTargetDependency section */

/* Begin PBXVariantGroup section */
		002E16271A93E0C4000AE37B /* Main.storyboard */ = {
			isa = PBXVariantGroup;
			children = (
				002E16281A93E0C4000AE37B /* Base */,
			);
			name = Main.storyboard;
			path = ..;
			sourceTree = "<group>";
		};
		25A72F3A1A319CF30076AE07 /* LaunchScreen.xib */ = {
			isa = PBXVariantGroup;
			children = (
				25A72F3B1A319CF30076AE07 /* Base */,
			);
			name = LaunchScreen.xib;
			sourceTree = "<group>";
		};
/* End PBXVariantGroup section */

/* Begin XCBuildConfiguration section */
		25A72F491A319CF30076AE07 /* Debug */ = {
			isa = XCBuildConfiguration;
			buildSettings = {
				ALWAYS_SEARCH_USER_PATHS = NO;
				CLANG_CXX_LANGUAGE_STANDARD = "gnu++0x";
				CLANG_CXX_LIBRARY = "libc++";
				CLANG_ENABLE_MODULES = YES;
				CLANG_ENABLE_OBJC_ARC = YES;
				CLANG_WARN_BOOL_CONVERSION = YES;
				CLANG_WARN_CONSTANT_CONVERSION = YES;
				CLANG_WARN_DIRECT_OBJC_ISA_USAGE = YES_ERROR;
				CLANG_WARN_EMPTY_BODY = YES;
				CLANG_WARN_ENUM_CONVERSION = YES;
				CLANG_WARN_INT_CONVERSION = YES;
				CLANG_WARN_OBJC_ROOT_CLASS = YES_ERROR;
				CLANG_WARN_UNREACHABLE_CODE = YES;
				CLANG_WARN__DUPLICATE_METHOD_MATCH = YES;
				"CODE_SIGN_IDENTITY[sdk=iphoneos*]" = "iPhone Developer";
				COPY_PHASE_STRIP = NO;
				ENABLE_STRICT_OBJC_MSGSEND = YES;
				GCC_C_LANGUAGE_STANDARD = gnu99;
				GCC_DYNAMIC_NO_PIC = NO;
				GCC_OPTIMIZATION_LEVEL = 0;
				GCC_PREPROCESSOR_DEFINITIONS = (
					"DEBUG=1",
					"$(inherited)",
				);
				GCC_SYMBOLS_PRIVATE_EXTERN = NO;
				GCC_WARN_64_TO_32_BIT_CONVERSION = YES;
				GCC_WARN_ABOUT_RETURN_TYPE = YES_ERROR;
				GCC_WARN_UNDECLARED_SELECTOR = YES;
				GCC_WARN_UNINITIALIZED_AUTOS = YES_AGGRESSIVE;
				GCC_WARN_UNUSED_FUNCTION = YES;
				GCC_WARN_UNUSED_VARIABLE = YES;
				IPHONEOS_DEPLOYMENT_TARGET = 8.1;
				MTL_ENABLE_DEBUG_INFO = YES;
				ONLY_ACTIVE_ARCH = YES;
				SDKROOT = iphoneos;
			};
			name = Debug;
		};
		25A72F4A1A319CF30076AE07 /* Release */ = {
			isa = XCBuildConfiguration;
			buildSettings = {
				ALWAYS_SEARCH_USER_PATHS = NO;
				CLANG_CXX_LANGUAGE_STANDARD = "gnu++0x";
				CLANG_CXX_LIBRARY = "libc++";
				CLANG_ENABLE_MODULES = YES;
				CLANG_ENABLE_OBJC_ARC = YES;
				CLANG_WARN_BOOL_CONVERSION = YES;
				CLANG_WARN_CONSTANT_CONVERSION = YES;
				CLANG_WARN_DIRECT_OBJC_ISA_USAGE = YES_ERROR;
				CLANG_WARN_EMPTY_BODY = YES;
				CLANG_WARN_ENUM_CONVERSION = YES;
				CLANG_WARN_INT_CONVERSION = YES;
				CLANG_WARN_OBJC_ROOT_CLASS = YES_ERROR;
				CLANG_WARN_UNREACHABLE_CODE = YES;
				CLANG_WARN__DUPLICATE_METHOD_MATCH = YES;
				"CODE_SIGN_IDENTITY[sdk=iphoneos*]" = "iPhone Developer";
				COPY_PHASE_STRIP = YES;
				ENABLE_NS_ASSERTIONS = NO;
				ENABLE_STRICT_OBJC_MSGSEND = YES;
				GCC_C_LANGUAGE_STANDARD = gnu99;
				GCC_WARN_64_TO_32_BIT_CONVERSION = YES;
				GCC_WARN_ABOUT_RETURN_TYPE = YES_ERROR;
				GCC_WARN_UNDECLARED_SELECTOR = YES;
				GCC_WARN_UNINITIALIZED_AUTOS = YES_AGGRESSIVE;
				GCC_WARN_UNUSED_FUNCTION = YES;
				GCC_WARN_UNUSED_VARIABLE = YES;
				IPHONEOS_DEPLOYMENT_TARGET = 8.1;
				MTL_ENABLE_DEBUG_INFO = NO;
				SDKROOT = iphoneos;
				VALIDATE_PRODUCT = YES;
			};
			name = Release;
		};
		25A72F4C1A319CF30076AE07 /* Debug */ = {
			isa = XCBuildConfiguration;
			baseConfigurationReference = C2B542139EC1BE1E94B41BEC /* Pods-TokenApp.debug.xcconfig */;
			buildSettings = {
				ASSETCATALOG_COMPILER_APPICON_NAME = AppIcon;
				CODE_SIGN_IDENTITY = "iPhone Developer";
				"CODE_SIGN_IDENTITY[sdk=iphoneos*]" = "iPhone Developer";
				FRAMEWORK_SEARCH_PATHS = (
					"$(inherited)",
					"$(PROJECT_DIR)",
				);
				INFOPLIST_FILE = TokenApp/Info.plist;
				LD_RUNPATH_SEARCH_PATHS = "$(inherited) @executable_path/Frameworks";
				PRODUCT_NAME = "$(TARGET_NAME)";
				PROVISIONING_PROFILE = "";
			};
			name = Debug;
		};
		25A72F4D1A319CF30076AE07 /* Release */ = {
			isa = XCBuildConfiguration;
			baseConfigurationReference = 63ACCE5B0EFB743C7B10E7DA /* Pods-TokenApp.release.xcconfig */;
			buildSettings = {
				ASSETCATALOG_COMPILER_APPICON_NAME = AppIcon;
				CODE_SIGN_IDENTITY = "iPhone Developer";
				"CODE_SIGN_IDENTITY[sdk=iphoneos*]" = "iPhone Developer";
				FRAMEWORK_SEARCH_PATHS = (
					"$(inherited)",
					"$(PROJECT_DIR)",
				);
				INFOPLIST_FILE = TokenApp/Info.plist;
				LD_RUNPATH_SEARCH_PATHS = "$(inherited) @executable_path/Frameworks";
				PRODUCT_NAME = "$(TARGET_NAME)";
				PROVISIONING_PROFILE = "";
			};
			name = Release;
		};
		25A72F4F1A319CF30076AE07 /* Debug */ = {
			isa = XCBuildConfiguration;
			buildSettings = {
				BUNDLE_LOADER = "$(TEST_HOST)";
				FRAMEWORK_SEARCH_PATHS = (
					"$(SDKROOT)/Developer/Library/Frameworks",
					"$(inherited)",
				);
				GCC_PREPROCESSOR_DEFINITIONS = (
					"DEBUG=1",
					"$(inherited)",
				);
				INFOPLIST_FILE = TokenAppTests/Info.plist;
				LD_RUNPATH_SEARCH_PATHS = "$(inherited) @executable_path/Frameworks @loader_path/Frameworks";
				PRODUCT_NAME = "$(TARGET_NAME)";
				TEST_HOST = "$(BUILT_PRODUCTS_DIR)/TokenApp.app/TokenApp";
			};
			name = Debug;
		};
		25A72F501A319CF30076AE07 /* Release */ = {
			isa = XCBuildConfiguration;
			buildSettings = {
				BUNDLE_LOADER = "$(TEST_HOST)";
				FRAMEWORK_SEARCH_PATHS = (
					"$(SDKROOT)/Developer/Library/Frameworks",
					"$(inherited)",
				);
				INFOPLIST_FILE = TokenAppTests/Info.plist;
				LD_RUNPATH_SEARCH_PATHS = "$(inherited) @executable_path/Frameworks @loader_path/Frameworks";
				PRODUCT_NAME = "$(TARGET_NAME)";
				TEST_HOST = "$(BUILT_PRODUCTS_DIR)/TokenApp.app/TokenApp";
			};
			name = Release;
		};
/* End XCBuildConfiguration section */

/* Begin XCConfigurationList section */
		25A72F231A319CF20076AE07 /* Build configuration list for PBXProject "TokenApp" */ = {
			isa = XCConfigurationList;
			buildConfigurations = (
				25A72F491A319CF30076AE07 /* Debug */,
				25A72F4A1A319CF30076AE07 /* Release */,
			);
			defaultConfigurationIsVisible = 0;
			defaultConfigurationName = Release;
		};
		25A72F4B1A319CF30076AE07 /* Build configuration list for PBXNativeTarget "TokenApp" */ = {
			isa = XCConfigurationList;
			buildConfigurations = (
				25A72F4C1A319CF30076AE07 /* Debug */,
				25A72F4D1A319CF30076AE07 /* Release */,
			);
			defaultConfigurationIsVisible = 0;
			defaultConfigurationName = Release;
		};
		25A72F4E1A319CF30076AE07 /* Build configuration list for PBXNativeTarget "TokenAppTests" */ = {
			isa = XCConfigurationList;
			buildConfigurations = (
				25A72F4F1A319CF30076AE07 /* Debug */,
				25A72F501A319CF30076AE07 /* Release */,
			);
			defaultConfigurationIsVisible = 0;
			defaultConfigurationName = Release;
		};
/* End XCConfigurationList section */
	};
	rootObject = 25A72F201A319CF20076AE07 /* Project object */;
}
