// !$*UTF8*$!
{
	archiveVersion = 1;
	classes = {
	};
	objectVersion = 46;
	objects = {

/* Begin PBXBuildFile section */
		12C3ECEC58F2EFB60B8FCB19 /* libPods-TokenApp.a in Frameworks */ = {isa = PBXBuildFile; fileRef = 3AC5C335474F0AB015BEB33A /* libPods-TokenApp.a */; };
		25A72F2E1A319CF20076AE07 /* main.m in Sources */ = {isa = PBXBuildFile; fileRef = 25A72F2D1A319CF20076AE07 /* main.m */; };
		25A72F311A319CF20076AE07 /* AppDelegate.m in Sources */ = {isa = PBXBuildFile; fileRef = 25A72F301A319CF20076AE07 /* AppDelegate.m */; };
		25A72F341A319CF20076AE07 /* ViewController.m in Sources */ = {isa = PBXBuildFile; fileRef = 25A72F331A319CF20076AE07 /* ViewController.m */; };
		25A72F371A319CF20076AE07 /* Main.storyboard in Resources */ = {isa = PBXBuildFile; fileRef = 25A72F351A319CF20076AE07 /* Main.storyboard */; };
		25A72F391A319CF30076AE07 /* Images.xcassets in Resources */ = {isa = PBXBuildFile; fileRef = 25A72F381A319CF30076AE07 /* Images.xcassets */; };
		25A72F3C1A319CF30076AE07 /* LaunchScreen.xib in Resources */ = {isa = PBXBuildFile; fileRef = 25A72F3A1A319CF30076AE07 /* LaunchScreen.xib */; };
		25A72F481A319CF30076AE07 /* TokenAppTests.m in Sources */ = {isa = PBXBuildFile; fileRef = 25A72F471A319CF30076AE07 /* TokenAppTests.m */; };
		25ED67471A320DDF004CD269 /* LoginViewController.m in Sources */ = {isa = PBXBuildFile; fileRef = 25ED67461A320DDF004CD269 /* LoginViewController.m */; };
		25ED67511A3212CE004CD269 /* Accounts.framework in Frameworks */ = {isa = PBXBuildFile; fileRef = 25ED67501A3212CE004CD269 /* Accounts.framework */; };
		25ED67531A3212DD004CD269 /* AudioToolbox.framework in Frameworks */ = {isa = PBXBuildFile; fileRef = 25ED67521A3212DD004CD269 /* AudioToolbox.framework */; };
		25ED67551A3212E8004CD269 /* CFNetwork.framework in Frameworks */ = {isa = PBXBuildFile; fileRef = 25ED67541A3212E8004CD269 /* CFNetwork.framework */; };
		25ED67571A3212EF004CD269 /* CoreGraphics.framework in Frameworks */ = {isa = PBXBuildFile; fileRef = 25ED67561A3212EF004CD269 /* CoreGraphics.framework */; };
		25ED67591A3212F9004CD269 /* CoreLocation.framework in Frameworks */ = {isa = PBXBuildFile; fileRef = 25ED67581A3212F9004CD269 /* CoreLocation.framework */; };
		25ED675B1A321305004CD269 /* libz.dylib in Frameworks */ = {isa = PBXBuildFile; fileRef = 25ED675A1A321305004CD269 /* libz.dylib */; };
		25ED675D1A32130F004CD269 /* MobileCoreServices.framework in Frameworks */ = {isa = PBXBuildFile; fileRef = 25ED675C1A32130F004CD269 /* MobileCoreServices.framework */; };
		25ED675F1A321319004CD269 /* QuartzCore.framework in Frameworks */ = {isa = PBXBuildFile; fileRef = 25ED675E1A321319004CD269 /* QuartzCore.framework */; };
		25ED67611A321327004CD269 /* Security.framework in Frameworks */ = {isa = PBXBuildFile; fileRef = 25ED67601A321327004CD269 /* Security.framework */; };
		25ED67631A32132D004CD269 /* Social.framework in Frameworks */ = {isa = PBXBuildFile; fileRef = 25ED67621A32132D004CD269 /* Social.framework */; };
		25ED67651A321337004CD269 /* StoreKit.framework in Frameworks */ = {isa = PBXBuildFile; fileRef = 25ED67641A321337004CD269 /* StoreKit.framework */; };
		25ED67671A321345004CD269 /* SystemConfiguration.framework in Frameworks */ = {isa = PBXBuildFile; fileRef = 25ED67661A321345004CD269 /* SystemConfiguration.framework */; };
		25F621431A3219100069A742 /* ResetPasswordViewController.m in Sources */ = {isa = PBXBuildFile; fileRef = 25F621421A3219100069A742 /* ResetPasswordViewController.m */; };
		25F621461A3219800069A742 /* ProfilePersonalViewController.m in Sources */ = {isa = PBXBuildFile; fileRef = 25F621451A3219800069A742 /* ProfilePersonalViewController.m */; };
		B906CE0B1A60D29400F1BFD2 /* TKSettingsActionDelegate.m in Sources */ = {isa = PBXBuildFile; fileRef = B906CE0A1A60D29400F1BFD2 /* TKSettingsActionDelegate.m */; };
		B90C76401A4B9A860025BA6E /* TKWelcomeViewController.m in Sources */ = {isa = PBXBuildFile; fileRef = B90C763F1A4B9A860025BA6E /* TKWelcomeViewController.m */; };
		B90CB7B31A42C0410012CBF2 /* UIImage+AlphaAdditions.m in Sources */ = {isa = PBXBuildFile; fileRef = B90CB7B01A42C0410012CBF2 /* UIImage+AlphaAdditions.m */; };
		B90CB7B41A42C0410012CBF2 /* UIImage+ResizeAdditions.m in Sources */ = {isa = PBXBuildFile; fileRef = B90CB7B21A42C0410012CBF2 /* UIImage+ResizeAdditions.m */; };
		B91278C41A42C87300AE5E5E /* UIImage+RoundedCornerAdditions.m in Sources */ = {isa = PBXBuildFile; fileRef = B91278C31A42C87300AE5E5E /* UIImage+RoundedCornerAdditions.m */; };
		B948FBA61A3ABFF5000B6C7E /* SignUpViewController.m in Sources */ = {isa = PBXBuildFile; fileRef = B948FBA51A3ABFF5000B6C7E /* SignUpViewController.m */; };
		B94B62D51A5F82E200C42FAF /* TKTabBarController.m in Sources */ = {isa = PBXBuildFile; fileRef = B94B62D41A5F82E200C42FAF /* TKTabBarController.m */; };
		B94B62DB1A5F94E800C42FAF /* TKActivityFeedViewController.m in Sources */ = {isa = PBXBuildFile; fileRef = B94B62DA1A5F94E800C42FAF /* TKActivityFeedViewController.m */; };
		B97F00FA1A6EC71C00690309 /* BalanceTableViewController.m in Sources */ = {isa = PBXBuildFile; fileRef = B97F00F91A6EC71C00690309 /* BalanceTableViewController.m */; };
		B97F00FD1A6ECAD400690309 /* BalanceTableViewCell.m in Sources */ = {isa = PBXBuildFile; fileRef = B97F00FC1A6ECAD400690309 /* BalanceTableViewCell.m */; };
		B98946F41A60CE780011288F /* TKSettingsButtonItem.m in Sources */ = {isa = PBXBuildFile; fileRef = B98946F31A60CE780011288F /* TKSettingsButtonItem.m */; };
		B991FD8D1A3E62E700BB902F /* CustomActivityTableViewCell.m in Sources */ = {isa = PBXBuildFile; fileRef = B991FD8C1A3E62E700BB902F /* CustomActivityTableViewCell.m */; };
		B991FD8F1A3E6C8B00BB902F /* Default@3x.png in Resources */ = {isa = PBXBuildFile; fileRef = B991FD8E1A3E6C8B00BB902F /* Default@3x.png */; };
		B9A4D3931A49161F00EDD2C9 /* PopularResultsViewController.m in Sources */ = {isa = PBXBuildFile; fileRef = B9A4D3921A49161F00EDD2C9 /* PopularResultsViewController.m */; };
		B9A4D3961A49163F00EDD2C9 /* ExploreResultsViewController.m in Sources */ = {isa = PBXBuildFile; fileRef = B9A4D3951A49163F00EDD2C9 /* ExploreResultsViewController.m */; };
		B9A4D39A1A4920BB00EDD2C9 /* CategoriesViewController.m in Sources */ = {isa = PBXBuildFile; fileRef = B9A4D3991A4920BB00EDD2C9 /* CategoriesViewController.m */; };
		B9A4D39D1A49253400EDD2C9 /* CreatePostViewController.m in Sources */ = {isa = PBXBuildFile; fileRef = B9A4D39C1A49253400EDD2C9 /* CreatePostViewController.m */; };
		B9C6EB211A523D42003975CF /* tokenapp-facebook-info.plist in Resources */ = {isa = PBXBuildFile; fileRef = B9C6EB201A523D42003975CF /* tokenapp-facebook-info.plist */; };
		B9D1A6AD1A44A23000BA2874 /* PTKContentDetailTableViewController.m in Sources */ = {isa = PBXBuildFile; fileRef = B9D1A6AC1A44A23000BA2874 /* PTKContentDetailTableViewController.m */; };
		B9D1A6B01A44A27700BA2874 /* SettingsButtonItem.m in Sources */ = {isa = PBXBuildFile; fileRef = B9D1A6AF1A44A27700BA2874 /* SettingsButtonItem.m */; };
		B9D1A6B31A44A89B00BA2874 /* TKUtility.m in Sources */ = {isa = PBXBuildFile; fileRef = B9D1A6B21A44A89B00BA2874 /* TKUtility.m */; };
		B9D393331A4BCC5D00C7733A /* TKHomeViewController.m in Sources */ = {isa = PBXBuildFile; fileRef = B9D393321A4BCC5D00C7733A /* TKHomeViewController.m */; };
		B9D393391A4BD5A100C7733A /* TKContentTimelineViewController.m in Sources */ = {isa = PBXBuildFile; fileRef = B9D393381A4BD5A100C7733A /* TKContentTimelineViewController.m */; };
		B9D3933D1A4BD6D000C7733A /* TKAccountViewController.m in Sources */ = {isa = PBXBuildFile; fileRef = B9D3933C1A4BD6D000C7733A /* TKAccountViewController.m */; };
		B9D393401A4BDD0D00C7733A /* CreateVideoViewController.m in Sources */ = {isa = PBXBuildFile; fileRef = B9D3933F1A4BDD0D00C7733A /* CreateVideoViewController.m */; };
		B9D393431A4BDD6100C7733A /* EditVideoViewController.m in Sources */ = {isa = PBXBuildFile; fileRef = B9D393421A4BDD6100C7733A /* EditVideoViewController.m */; };
		B9D393461A4BE0B800C7733A /* EditPostViewController.m in Sources */ = {isa = PBXBuildFile; fileRef = B9D393451A4BE0B800C7733A /* EditPostViewController.m */; };
		B9D393491A4BE1D000C7733A /* SearchViewController.m in Sources */ = {isa = PBXBuildFile; fileRef = B9D393481A4BE1D000C7733A /* SearchViewController.m */; };
		B9D3934C1A4BE20E00C7733A /* TrendingViewController.m in Sources */ = {isa = PBXBuildFile; fileRef = B9D3934B1A4BE20E00C7733A /* TrendingViewController.m */; };
		B9D4AFAD1A6200580071CA52 /* TKBaseCellText.m in Sources */ = {isa = PBXBuildFile; fileRef = B9D4AFAC1A6200580071CA52 /* TKBaseCellText.m */; };
		B9D4AFB31A62376A0071CA52 /* TKProfileImageView.m in Sources */ = {isa = PBXBuildFile; fileRef = B9D4AFB21A62376A0071CA52 /* TKProfileImageView.m */; };
		B9D4AFB51A623B8E0071CA52 /* TKActivityCell.m in Sources */ = {isa = PBXBuildFile; fileRef = B9D4AFB41A623B8E0071CA52 /* TKActivityCell.m */; };
		B9D4AFB91A6241B70071CA52 /* TKLoadMoreCell.m in Sources */ = {isa = PBXBuildFile; fileRef = B9D4AFB81A6241B70071CA52 /* TKLoadMoreCell.m */; };
		B9E39CA81A68A79E0030D6CA /* TKFindFriendsCell.m in Sources */ = {isa = PBXBuildFile; fileRef = B9E39CA71A68A79E0030D6CA /* TKFindFriendsCell.m */; };
		B9F2366D1A3A468B00E485CE /* Login.xcassets in Resources */ = {isa = PBXBuildFile; fileRef = B9F2366C1A3A468B00E485CE /* Login.xcassets */; };
		B9F2366F1A3A46D300E485CE /* Profile.xcassets in Resources */ = {isa = PBXBuildFile; fileRef = B9F2366E1A3A46D300E485CE /* Profile.xcassets */; };
		B9F236751A3A7CF700E485CE /* NavigationViewController.m in Sources */ = {isa = PBXBuildFile; fileRef = B9F236741A3A7CF700E485CE /* NavigationViewController.m */; };
		B9F359D31A43AEBF00476FF7 /* Constants.m in Sources */ = {isa = PBXBuildFile; fileRef = B9F359D21A43AEBF00476FF7 /* Constants.m */; };
		B9F359D61A43B22A00476FF7 /* TKCache.m in Sources */ = {isa = PBXBuildFile; fileRef = B9F359D51A43B22A00476FF7 /* TKCache.m */; };
		B9FD557B1A414B11006AE066 /* EditPhotoViewController.m in Sources */ = {isa = PBXBuildFile; fileRef = B9FD557A1A414B10006AE066 /* EditPhotoViewController.m */; };
		B9FD55821A415443006AE066 /* CreateContentViewController.m in Sources */ = {isa = PBXBuildFile; fileRef = B9FD55811A415443006AE066 /* CreateContentViewController.m */; };
		B9FD55861A415665006AE066 /* Content.xcassets in Resources */ = {isa = PBXBuildFile; fileRef = B9FD55851A415665006AE066 /* Content.xcassets */; };
		B9FD55881A4157C4006AE066 /* NavBar.xcassets in Resources */ = {isa = PBXBuildFile; fileRef = B9FD55871A4157C4006AE066 /* NavBar.xcassets */; };
		B9FD558A1A4157EF006AE066 /* Create.xcassets in Resources */ = {isa = PBXBuildFile; fileRef = B9FD55891A4157EF006AE066 /* Create.xcassets */; };
/* End PBXBuildFile section */

/* Begin PBXContainerItemProxy section */
		25A72F421A319CF30076AE07 /* PBXContainerItemProxy */ = {
			isa = PBXContainerItemProxy;
			containerPortal = 25A72F201A319CF20076AE07 /* Project object */;
			proxyType = 1;
			remoteGlobalIDString = 25A72F271A319CF20076AE07;
			remoteInfo = TokenApp;
		};
/* End PBXContainerItemProxy section */

/* Begin PBXFileReference section */
		25A72F281A319CF20076AE07 /* TokenApp.app */ = {isa = PBXFileReference; explicitFileType = wrapper.application; includeInIndex = 0; path = TokenApp.app; sourceTree = BUILT_PRODUCTS_DIR; };
		25A72F2C1A319CF20076AE07 /* Info.plist */ = {isa = PBXFileReference; lastKnownFileType = text.plist.xml; path = Info.plist; sourceTree = "<group>"; };
		25A72F2D1A319CF20076AE07 /* main.m */ = {isa = PBXFileReference; lastKnownFileType = sourcecode.c.objc; path = main.m; sourceTree = "<group>"; };
		25A72F2F1A319CF20076AE07 /* AppDelegate.h */ = {isa = PBXFileReference; lastKnownFileType = sourcecode.c.h; path = AppDelegate.h; sourceTree = "<group>"; };
		25A72F301A319CF20076AE07 /* AppDelegate.m */ = {isa = PBXFileReference; lastKnownFileType = sourcecode.c.objc; path = AppDelegate.m; sourceTree = "<group>"; };
		25A72F321A319CF20076AE07 /* ViewController.h */ = {isa = PBXFileReference; lastKnownFileType = sourcecode.c.h; path = ViewController.h; sourceTree = "<group>"; };
		25A72F331A319CF20076AE07 /* ViewController.m */ = {isa = PBXFileReference; lastKnownFileType = sourcecode.c.objc; path = ViewController.m; sourceTree = "<group>"; };
		25A72F361A319CF20076AE07 /* Base */ = {isa = PBXFileReference; lastKnownFileType = file.storyboard; name = Base; path = Base.lproj/Main.storyboard; sourceTree = "<group>"; };
		25A72F381A319CF30076AE07 /* Images.xcassets */ = {isa = PBXFileReference; lastKnownFileType = folder.assetcatalog; path = Images.xcassets; sourceTree = "<group>"; };
		25A72F3B1A319CF30076AE07 /* Base */ = {isa = PBXFileReference; lastKnownFileType = file.xib; name = Base; path = Base.lproj/LaunchScreen.xib; sourceTree = "<group>"; };
		25A72F411A319CF30076AE07 /* TokenAppTests.xctest */ = {isa = PBXFileReference; explicitFileType = wrapper.cfbundle; includeInIndex = 0; path = TokenAppTests.xctest; sourceTree = BUILT_PRODUCTS_DIR; };
		25A72F461A319CF30076AE07 /* Info.plist */ = {isa = PBXFileReference; lastKnownFileType = text.plist.xml; path = Info.plist; sourceTree = "<group>"; };
		25A72F471A319CF30076AE07 /* TokenAppTests.m */ = {isa = PBXFileReference; lastKnownFileType = sourcecode.c.objc; path = TokenAppTests.m; sourceTree = "<group>"; };
		25ED67451A320DDF004CD269 /* LoginViewController.h */ = {isa = PBXFileReference; fileEncoding = 4; lastKnownFileType = sourcecode.c.h; path = LoginViewController.h; sourceTree = "<group>"; };
		25ED67461A320DDF004CD269 /* LoginViewController.m */ = {isa = PBXFileReference; fileEncoding = 4; lastKnownFileType = sourcecode.c.objc; path = LoginViewController.m; sourceTree = "<group>"; };
		25ED67481A3212AB004CD269 /* Bolts.framework */ = {isa = PBXFileReference; lastKnownFileType = wrapper.framework; path = Bolts.framework; sourceTree = "<group>"; };
		25ED67491A3212AB004CD269 /* Parse.framework */ = {isa = PBXFileReference; lastKnownFileType = wrapper.framework; path = Parse.framework; sourceTree = "<group>"; };
		25ED674A1A3212AB004CD269 /* ParseFacebookUtils.framework */ = {isa = PBXFileReference; lastKnownFileType = wrapper.framework; path = ParseFacebookUtils.framework; sourceTree = "<group>"; };
		25ED674B1A3212AB004CD269 /* ParseUI.framework */ = {isa = PBXFileReference; lastKnownFileType = wrapper.framework; path = ParseUI.framework; sourceTree = "<group>"; };
		25ED67501A3212CE004CD269 /* Accounts.framework */ = {isa = PBXFileReference; lastKnownFileType = wrapper.framework; name = Accounts.framework; path = System/Library/Frameworks/Accounts.framework; sourceTree = SDKROOT; };
		25ED67521A3212DD004CD269 /* AudioToolbox.framework */ = {isa = PBXFileReference; lastKnownFileType = wrapper.framework; name = AudioToolbox.framework; path = System/Library/Frameworks/AudioToolbox.framework; sourceTree = SDKROOT; };
		25ED67541A3212E8004CD269 /* CFNetwork.framework */ = {isa = PBXFileReference; lastKnownFileType = wrapper.framework; name = CFNetwork.framework; path = System/Library/Frameworks/CFNetwork.framework; sourceTree = SDKROOT; };
		25ED67561A3212EF004CD269 /* CoreGraphics.framework */ = {isa = PBXFileReference; lastKnownFileType = wrapper.framework; name = CoreGraphics.framework; path = System/Library/Frameworks/CoreGraphics.framework; sourceTree = SDKROOT; };
		25ED67581A3212F9004CD269 /* CoreLocation.framework */ = {isa = PBXFileReference; lastKnownFileType = wrapper.framework; name = CoreLocation.framework; path = System/Library/Frameworks/CoreLocation.framework; sourceTree = SDKROOT; };
		25ED675A1A321305004CD269 /* libz.dylib */ = {isa = PBXFileReference; lastKnownFileType = "compiled.mach-o.dylib"; name = libz.dylib; path = usr/lib/libz.dylib; sourceTree = SDKROOT; };
		25ED675C1A32130F004CD269 /* MobileCoreServices.framework */ = {isa = PBXFileReference; lastKnownFileType = wrapper.framework; name = MobileCoreServices.framework; path = System/Library/Frameworks/MobileCoreServices.framework; sourceTree = SDKROOT; };
		25ED675E1A321319004CD269 /* QuartzCore.framework */ = {isa = PBXFileReference; lastKnownFileType = wrapper.framework; name = QuartzCore.framework; path = System/Library/Frameworks/QuartzCore.framework; sourceTree = SDKROOT; };
		25ED67601A321327004CD269 /* Security.framework */ = {isa = PBXFileReference; lastKnownFileType = wrapper.framework; name = Security.framework; path = System/Library/Frameworks/Security.framework; sourceTree = SDKROOT; };
		25ED67621A32132D004CD269 /* Social.framework */ = {isa = PBXFileReference; lastKnownFileType = wrapper.framework; name = Social.framework; path = System/Library/Frameworks/Social.framework; sourceTree = SDKROOT; };
		25ED67641A321337004CD269 /* StoreKit.framework */ = {isa = PBXFileReference; lastKnownFileType = wrapper.framework; name = StoreKit.framework; path = System/Library/Frameworks/StoreKit.framework; sourceTree = SDKROOT; };
		25ED67661A321345004CD269 /* SystemConfiguration.framework */ = {isa = PBXFileReference; lastKnownFileType = wrapper.framework; name = SystemConfiguration.framework; path = System/Library/Frameworks/SystemConfiguration.framework; sourceTree = SDKROOT; };
		25F621411A3219100069A742 /* ResetPasswordViewController.h */ = {isa = PBXFileReference; fileEncoding = 4; lastKnownFileType = sourcecode.c.h; path = ResetPasswordViewController.h; sourceTree = "<group>"; };
		25F621421A3219100069A742 /* ResetPasswordViewController.m */ = {isa = PBXFileReference; fileEncoding = 4; lastKnownFileType = sourcecode.c.objc; path = ResetPasswordViewController.m; sourceTree = "<group>"; };
		25F621441A3219800069A742 /* ProfilePersonalViewController.h */ = {isa = PBXFileReference; fileEncoding = 4; lastKnownFileType = sourcecode.c.h; path = ProfilePersonalViewController.h; sourceTree = "<group>"; };
		25F621451A3219800069A742 /* ProfilePersonalViewController.m */ = {isa = PBXFileReference; fileEncoding = 4; lastKnownFileType = sourcecode.c.objc; path = ProfilePersonalViewController.m; sourceTree = "<group>"; };
		3AC5C335474F0AB015BEB33A /* libPods-TokenApp.a */ = {isa = PBXFileReference; explicitFileType = archive.ar; includeInIndex = 0; path = "libPods-TokenApp.a"; sourceTree = BUILT_PRODUCTS_DIR; };
		63ACCE5B0EFB743C7B10E7DA /* Pods-TokenApp.release.xcconfig */ = {isa = PBXFileReference; includeInIndex = 1; lastKnownFileType = text.xcconfig; name = "Pods-TokenApp.release.xcconfig"; path = "Pods/Target Support Files/Pods-TokenApp/Pods-TokenApp.release.xcconfig"; sourceTree = "<group>"; };
		B906CE091A60D29400F1BFD2 /* TKSettingsActionDelegate.h */ = {isa = PBXFileReference; fileEncoding = 4; lastKnownFileType = sourcecode.c.h; path = TKSettingsActionDelegate.h; sourceTree = "<group>"; };
		B906CE0A1A60D29400F1BFD2 /* TKSettingsActionDelegate.m */ = {isa = PBXFileReference; fileEncoding = 4; lastKnownFileType = sourcecode.c.objc; path = TKSettingsActionDelegate.m; sourceTree = "<group>"; };
		B90C763E1A4B9A860025BA6E /* TKWelcomeViewController.h */ = {isa = PBXFileReference; fileEncoding = 4; lastKnownFileType = sourcecode.c.h; path = TKWelcomeViewController.h; sourceTree = "<group>"; };
		B90C763F1A4B9A860025BA6E /* TKWelcomeViewController.m */ = {isa = PBXFileReference; fileEncoding = 4; lastKnownFileType = sourcecode.c.objc; path = TKWelcomeViewController.m; sourceTree = "<group>"; };
		B90CB7AF1A42C0410012CBF2 /* UIImage+AlphaAdditions.h */ = {isa = PBXFileReference; fileEncoding = 4; lastKnownFileType = sourcecode.c.h; path = "UIImage+AlphaAdditions.h"; sourceTree = "<group>"; };
		B90CB7B01A42C0410012CBF2 /* UIImage+AlphaAdditions.m */ = {isa = PBXFileReference; fileEncoding = 4; lastKnownFileType = sourcecode.c.objc; path = "UIImage+AlphaAdditions.m"; sourceTree = "<group>"; };
		B90CB7B11A42C0410012CBF2 /* UIImage+ResizeAdditions.h */ = {isa = PBXFileReference; fileEncoding = 4; lastKnownFileType = sourcecode.c.h; path = "UIImage+ResizeAdditions.h"; sourceTree = "<group>"; };
		B90CB7B21A42C0410012CBF2 /* UIImage+ResizeAdditions.m */ = {isa = PBXFileReference; fileEncoding = 4; lastKnownFileType = sourcecode.c.objc; path = "UIImage+ResizeAdditions.m"; sourceTree = "<group>"; };
		B91278C21A42C87300AE5E5E /* UIImage+RoundedCornerAdditions.h */ = {isa = PBXFileReference; fileEncoding = 4; lastKnownFileType = sourcecode.c.h; path = "UIImage+RoundedCornerAdditions.h"; sourceTree = "<group>"; };
		B91278C31A42C87300AE5E5E /* UIImage+RoundedCornerAdditions.m */ = {isa = PBXFileReference; fileEncoding = 4; lastKnownFileType = sourcecode.c.objc; path = "UIImage+RoundedCornerAdditions.m"; sourceTree = "<group>"; };
		B9145C901A3CFA4C00A88B94 /* Macros.h */ = {isa = PBXFileReference; lastKnownFileType = sourcecode.c.h; path = Macros.h; sourceTree = "<group>"; };
		B948FBA41A3ABFF5000B6C7E /* SignUpViewController.h */ = {isa = PBXFileReference; fileEncoding = 4; lastKnownFileType = sourcecode.c.h; path = SignUpViewController.h; sourceTree = "<group>"; };
		B948FBA51A3ABFF5000B6C7E /* SignUpViewController.m */ = {isa = PBXFileReference; fileEncoding = 4; lastKnownFileType = sourcecode.c.objc; path = SignUpViewController.m; sourceTree = "<group>"; };
		B94B62D31A5F82E200C42FAF /* TKTabBarController.h */ = {isa = PBXFileReference; fileEncoding = 4; lastKnownFileType = sourcecode.c.h; path = TKTabBarController.h; sourceTree = "<group>"; };
		B94B62D41A5F82E200C42FAF /* TKTabBarController.m */ = {isa = PBXFileReference; fileEncoding = 4; lastKnownFileType = sourcecode.c.objc; path = TKTabBarController.m; sourceTree = "<group>"; };
		B94B62D91A5F94E800C42FAF /* TKActivityFeedViewController.h */ = {isa = PBXFileReference; fileEncoding = 4; lastKnownFileType = sourcecode.c.h; path = TKActivityFeedViewController.h; sourceTree = "<group>"; };
		B94B62DA1A5F94E800C42FAF /* TKActivityFeedViewController.m */ = {isa = PBXFileReference; fileEncoding = 4; lastKnownFileType = sourcecode.c.objc; path = TKActivityFeedViewController.m; sourceTree = "<group>"; };
		B97F00F81A6EC71C00690309 /* BalanceTableViewController.h */ = {isa = PBXFileReference; fileEncoding = 4; lastKnownFileType = sourcecode.c.h; path = BalanceTableViewController.h; sourceTree = "<group>"; };
		B97F00F91A6EC71C00690309 /* BalanceTableViewController.m */ = {isa = PBXFileReference; fileEncoding = 4; lastKnownFileType = sourcecode.c.objc; path = BalanceTableViewController.m; sourceTree = "<group>"; };
		B97F00FB1A6ECAD400690309 /* BalanceTableViewCell.h */ = {isa = PBXFileReference; fileEncoding = 4; lastKnownFileType = sourcecode.c.h; path = BalanceTableViewCell.h; sourceTree = "<group>"; };
		B97F00FC1A6ECAD400690309 /* BalanceTableViewCell.m */ = {isa = PBXFileReference; fileEncoding = 4; lastKnownFileType = sourcecode.c.objc; path = BalanceTableViewCell.m; sourceTree = "<group>"; };
		B98946F21A60CE780011288F /* TKSettingsButtonItem.h */ = {isa = PBXFileReference; fileEncoding = 4; lastKnownFileType = sourcecode.c.h; path = TKSettingsButtonItem.h; sourceTree = "<group>"; };
		B98946F31A60CE780011288F /* TKSettingsButtonItem.m */ = {isa = PBXFileReference; fileEncoding = 4; lastKnownFileType = sourcecode.c.objc; path = TKSettingsButtonItem.m; sourceTree = "<group>"; };
		B991FD8B1A3E62E700BB902F /* CustomActivityTableViewCell.h */ = {isa = PBXFileReference; fileEncoding = 4; lastKnownFileType = sourcecode.c.h; path = CustomActivityTableViewCell.h; sourceTree = "<group>"; };
		B991FD8C1A3E62E700BB902F /* CustomActivityTableViewCell.m */ = {isa = PBXFileReference; fileEncoding = 4; lastKnownFileType = sourcecode.c.objc; path = CustomActivityTableViewCell.m; sourceTree = "<group>"; };
		B991FD8E1A3E6C8B00BB902F /* Default@3x.png */ = {isa = PBXFileReference; lastKnownFileType = image.png; path = "Default@3x.png"; sourceTree = "<group>"; };
		B9A4D3911A49161F00EDD2C9 /* PopularResultsViewController.h */ = {isa = PBXFileReference; fileEncoding = 4; lastKnownFileType = sourcecode.c.h; name = PopularResultsViewController.h; path = ../PopularResultsViewController.h; sourceTree = "<group>"; };
		B9A4D3921A49161F00EDD2C9 /* PopularResultsViewController.m */ = {isa = PBXFileReference; fileEncoding = 4; lastKnownFileType = sourcecode.c.objc; name = PopularResultsViewController.m; path = ../PopularResultsViewController.m; sourceTree = "<group>"; };
		B9A4D3941A49163F00EDD2C9 /* ExploreResultsViewController.h */ = {isa = PBXFileReference; fileEncoding = 4; lastKnownFileType = sourcecode.c.h; path = ExploreResultsViewController.h; sourceTree = "<group>"; };
		B9A4D3951A49163F00EDD2C9 /* ExploreResultsViewController.m */ = {isa = PBXFileReference; fileEncoding = 4; lastKnownFileType = sourcecode.c.objc; path = ExploreResultsViewController.m; sourceTree = "<group>"; };
		B9A4D3981A4920BB00EDD2C9 /* CategoriesViewController.h */ = {isa = PBXFileReference; fileEncoding = 4; lastKnownFileType = sourcecode.c.h; path = CategoriesViewController.h; sourceTree = "<group>"; };
		B9A4D3991A4920BB00EDD2C9 /* CategoriesViewController.m */ = {isa = PBXFileReference; fileEncoding = 4; lastKnownFileType = sourcecode.c.objc; path = CategoriesViewController.m; sourceTree = "<group>"; };
		B9A4D39B1A49253400EDD2C9 /* CreatePostViewController.h */ = {isa = PBXFileReference; fileEncoding = 4; lastKnownFileType = sourcecode.c.h; path = CreatePostViewController.h; sourceTree = "<group>"; };
		B9A4D39C1A49253400EDD2C9 /* CreatePostViewController.m */ = {isa = PBXFileReference; fileEncoding = 4; lastKnownFileType = sourcecode.c.objc; path = CreatePostViewController.m; sourceTree = "<group>"; };
		B9C6EB201A523D42003975CF /* tokenapp-facebook-info.plist */ = {isa = PBXFileReference; fileEncoding = 4; lastKnownFileType = text.plist.xml; path = "tokenapp-facebook-info.plist"; sourceTree = "<group>"; };
		B9D1A6AB1A44A23000BA2874 /* PTKContentDetailTableViewController.h */ = {isa = PBXFileReference; fileEncoding = 4; lastKnownFileType = sourcecode.c.h; name = PTKContentDetailTableViewController.h; path = ../PTKContentDetailTableViewController.h; sourceTree = "<group>"; };
		B9D1A6AC1A44A23000BA2874 /* PTKContentDetailTableViewController.m */ = {isa = PBXFileReference; fileEncoding = 4; lastKnownFileType = sourcecode.c.objc; name = PTKContentDetailTableViewController.m; path = ../PTKContentDetailTableViewController.m; sourceTree = "<group>"; };
		B9D1A6AE1A44A27700BA2874 /* SettingsButtonItem.h */ = {isa = PBXFileReference; fileEncoding = 4; lastKnownFileType = sourcecode.c.h; path = SettingsButtonItem.h; sourceTree = "<group>"; };
		B9D1A6AF1A44A27700BA2874 /* SettingsButtonItem.m */ = {isa = PBXFileReference; fileEncoding = 4; lastKnownFileType = sourcecode.c.objc; path = SettingsButtonItem.m; sourceTree = "<group>"; };
		B9D1A6B11A44A89B00BA2874 /* TKUtility.h */ = {isa = PBXFileReference; fileEncoding = 4; lastKnownFileType = sourcecode.c.h; path = TKUtility.h; sourceTree = "<group>"; };
		B9D1A6B21A44A89B00BA2874 /* TKUtility.m */ = {isa = PBXFileReference; fileEncoding = 4; lastKnownFileType = sourcecode.c.objc; path = TKUtility.m; sourceTree = "<group>"; };
		B9D393311A4BCC5D00C7733A /* TKHomeViewController.h */ = {isa = PBXFileReference; fileEncoding = 4; lastKnownFileType = sourcecode.c.h; path = TKHomeViewController.h; sourceTree = "<group>"; };
		B9D393321A4BCC5D00C7733A /* TKHomeViewController.m */ = {isa = PBXFileReference; fileEncoding = 4; lastKnownFileType = sourcecode.c.objc; path = TKHomeViewController.m; sourceTree = "<group>"; };
		B9D393371A4BD5A100C7733A /* TKContentTimelineViewController.h */ = {isa = PBXFileReference; fileEncoding = 4; lastKnownFileType = sourcecode.c.h; name = TKContentTimelineViewController.h; path = ../TKContentTimelineViewController.h; sourceTree = "<group>"; };
		B9D393381A4BD5A100C7733A /* TKContentTimelineViewController.m */ = {isa = PBXFileReference; fileEncoding = 4; lastKnownFileType = sourcecode.c.objc; name = TKContentTimelineViewController.m; path = ../TKContentTimelineViewController.m; sourceTree = "<group>"; };
		B9D3933B1A4BD6D000C7733A /* TKAccountViewController.h */ = {isa = PBXFileReference; fileEncoding = 4; lastKnownFileType = sourcecode.c.h; path = TKAccountViewController.h; sourceTree = "<group>"; };
		B9D3933C1A4BD6D000C7733A /* TKAccountViewController.m */ = {isa = PBXFileReference; fileEncoding = 4; lastKnownFileType = sourcecode.c.objc; path = TKAccountViewController.m; sourceTree = "<group>"; };
		B9D3933E1A4BDD0D00C7733A /* CreateVideoViewController.h */ = {isa = PBXFileReference; fileEncoding = 4; lastKnownFileType = sourcecode.c.h; path = CreateVideoViewController.h; sourceTree = "<group>"; };
		B9D3933F1A4BDD0D00C7733A /* CreateVideoViewController.m */ = {isa = PBXFileReference; fileEncoding = 4; lastKnownFileType = sourcecode.c.objc; path = CreateVideoViewController.m; sourceTree = "<group>"; };
		B9D393411A4BDD6100C7733A /* EditVideoViewController.h */ = {isa = PBXFileReference; fileEncoding = 4; lastKnownFileType = sourcecode.c.h; path = EditVideoViewController.h; sourceTree = "<group>"; };
		B9D393421A4BDD6100C7733A /* EditVideoViewController.m */ = {isa = PBXFileReference; fileEncoding = 4; lastKnownFileType = sourcecode.c.objc; path = EditVideoViewController.m; sourceTree = "<group>"; };
		B9D393441A4BE0B800C7733A /* EditPostViewController.h */ = {isa = PBXFileReference; fileEncoding = 4; lastKnownFileType = sourcecode.c.h; path = EditPostViewController.h; sourceTree = "<group>"; };
		B9D393451A4BE0B800C7733A /* EditPostViewController.m */ = {isa = PBXFileReference; fileEncoding = 4; lastKnownFileType = sourcecode.c.objc; path = EditPostViewController.m; sourceTree = "<group>"; };
		B9D393471A4BE1D000C7733A /* SearchViewController.h */ = {isa = PBXFileReference; fileEncoding = 4; lastKnownFileType = sourcecode.c.h; path = SearchViewController.h; sourceTree = "<group>"; };
		B9D393481A4BE1D000C7733A /* SearchViewController.m */ = {isa = PBXFileReference; fileEncoding = 4; lastKnownFileType = sourcecode.c.objc; path = SearchViewController.m; sourceTree = "<group>"; };
		B9D3934A1A4BE20E00C7733A /* TrendingViewController.h */ = {isa = PBXFileReference; fileEncoding = 4; lastKnownFileType = sourcecode.c.h; path = TrendingViewController.h; sourceTree = "<group>"; };
		B9D3934B1A4BE20E00C7733A /* TrendingViewController.m */ = {isa = PBXFileReference; fileEncoding = 4; lastKnownFileType = sourcecode.c.objc; path = TrendingViewController.m; sourceTree = "<group>"; };
		B9D4AFAB1A6200580071CA52 /* TKBaseCellText.h */ = {isa = PBXFileReference; fileEncoding = 4; lastKnownFileType = sourcecode.c.h; path = TKBaseCellText.h; sourceTree = "<group>"; };
		B9D4AFAC1A6200580071CA52 /* TKBaseCellText.m */ = {isa = PBXFileReference; fileEncoding = 4; lastKnownFileType = sourcecode.c.objc; path = TKBaseCellText.m; sourceTree = "<group>"; };
		B9D4AFB11A62376A0071CA52 /* TKProfileImageView.h */ = {isa = PBXFileReference; fileEncoding = 4; lastKnownFileType = sourcecode.c.h; path = TKProfileImageView.h; sourceTree = "<group>"; };
		B9D4AFB21A62376A0071CA52 /* TKProfileImageView.m */ = {isa = PBXFileReference; fileEncoding = 4; lastKnownFileType = sourcecode.c.objc; path = TKProfileImageView.m; sourceTree = "<group>"; };
		B9D4AFB41A623B8E0071CA52 /* TKActivityCell.m */ = {isa = PBXFileReference; fileEncoding = 4; lastKnownFileType = sourcecode.c.objc; path = TKActivityCell.m; sourceTree = "<group>"; };
		B9D4AFB61A623C200071CA52 /* TKActivityCell.h */ = {isa = PBXFileReference; lastKnownFileType = sourcecode.c.h; path = TKActivityCell.h; sourceTree = "<group>"; };
		B9D4AFB71A6241B70071CA52 /* TKLoadMoreCell.h */ = {isa = PBXFileReference; fileEncoding = 4; lastKnownFileType = sourcecode.c.h; path = TKLoadMoreCell.h; sourceTree = "<group>"; };
		B9D4AFB81A6241B70071CA52 /* TKLoadMoreCell.m */ = {isa = PBXFileReference; fileEncoding = 4; lastKnownFileType = sourcecode.c.objc; path = TKLoadMoreCell.m; sourceTree = "<group>"; };
		B9E39CA61A68A79E0030D6CA /* TKFindFriendsCell.h */ = {isa = PBXFileReference; fileEncoding = 4; lastKnownFileType = sourcecode.c.h; path = TKFindFriendsCell.h; sourceTree = "<group>"; };
		B9E39CA71A68A79E0030D6CA /* TKFindFriendsCell.m */ = {isa = PBXFileReference; fileEncoding = 4; lastKnownFileType = sourcecode.c.objc; path = TKFindFriendsCell.m; sourceTree = "<group>"; };
		B9F2366C1A3A468B00E485CE /* Login.xcassets */ = {isa = PBXFileReference; lastKnownFileType = folder.assetcatalog; path = Login.xcassets; sourceTree = "<group>"; };
		B9F2366E1A3A46D300E485CE /* Profile.xcassets */ = {isa = PBXFileReference; lastKnownFileType = folder.assetcatalog; path = Profile.xcassets; sourceTree = "<group>"; };
		B9F236731A3A7CF600E485CE /* NavigationViewController.h */ = {isa = PBXFileReference; fileEncoding = 4; lastKnownFileType = sourcecode.c.h; path = NavigationViewController.h; sourceTree = "<group>"; };
		B9F236741A3A7CF700E485CE /* NavigationViewController.m */ = {isa = PBXFileReference; fileEncoding = 4; lastKnownFileType = sourcecode.c.objc; path = NavigationViewController.m; sourceTree = "<group>"; };
		B9F359D11A43AE7600476FF7 /* Constants.h */ = {isa = PBXFileReference; lastKnownFileType = sourcecode.c.h; path = Constants.h; sourceTree = "<group>"; };
		B9F359D21A43AEBF00476FF7 /* Constants.m */ = {isa = PBXFileReference; fileEncoding = 4; lastKnownFileType = sourcecode.c.objc; path = Constants.m; sourceTree = "<group>"; };
		B9F359D41A43B22A00476FF7 /* TKCache.h */ = {isa = PBXFileReference; fileEncoding = 4; lastKnownFileType = sourcecode.c.h; path = TKCache.h; sourceTree = "<group>"; };
		B9F359D51A43B22A00476FF7 /* TKCache.m */ = {isa = PBXFileReference; fileEncoding = 4; lastKnownFileType = sourcecode.c.objc; path = TKCache.m; sourceTree = "<group>"; };
		B9FD55791A414B10006AE066 /* EditPhotoViewController.h */ = {isa = PBXFileReference; fileEncoding = 4; lastKnownFileType = sourcecode.c.h; path = EditPhotoViewController.h; sourceTree = "<group>"; };
		B9FD557A1A414B10006AE066 /* EditPhotoViewController.m */ = {isa = PBXFileReference; fileEncoding = 4; lastKnownFileType = sourcecode.c.objc; path = EditPhotoViewController.m; sourceTree = "<group>"; };
		B9FD55801A415443006AE066 /* CreateContentViewController.h */ = {isa = PBXFileReference; fileEncoding = 4; lastKnownFileType = sourcecode.c.h; path = CreateContentViewController.h; sourceTree = "<group>"; };
		B9FD55811A415443006AE066 /* CreateContentViewController.m */ = {isa = PBXFileReference; fileEncoding = 4; lastKnownFileType = sourcecode.c.objc; path = CreateContentViewController.m; sourceTree = "<group>"; };
		B9FD55851A415665006AE066 /* Content.xcassets */ = {isa = PBXFileReference; lastKnownFileType = folder.assetcatalog; path = Content.xcassets; sourceTree = "<group>"; };
		B9FD55871A4157C4006AE066 /* NavBar.xcassets */ = {isa = PBXFileReference; lastKnownFileType = folder.assetcatalog; path = NavBar.xcassets; sourceTree = "<group>"; };
		B9FD55891A4157EF006AE066 /* Create.xcassets */ = {isa = PBXFileReference; lastKnownFileType = folder.assetcatalog; path = Create.xcassets; sourceTree = "<group>"; };
		C2B542139EC1BE1E94B41BEC /* Pods-TokenApp.debug.xcconfig */ = {isa = PBXFileReference; includeInIndex = 1; lastKnownFileType = text.xcconfig; name = "Pods-TokenApp.debug.xcconfig"; path = "Pods/Target Support Files/Pods-TokenApp/Pods-TokenApp.debug.xcconfig"; sourceTree = "<group>"; };
/* End PBXFileReference section */

/* Begin PBXFrameworksBuildPhase section */
		25A72F251A319CF20076AE07 /* Frameworks */ = {
			isa = PBXFrameworksBuildPhase;
			buildActionMask = 2147483647;
			files = (
				25ED67671A321345004CD269 /* SystemConfiguration.framework in Frameworks */,
				25ED67651A321337004CD269 /* StoreKit.framework in Frameworks */,
				25ED67631A32132D004CD269 /* Social.framework in Frameworks */,
				25ED67611A321327004CD269 /* Security.framework in Frameworks */,
				25ED675F1A321319004CD269 /* QuartzCore.framework in Frameworks */,
				25ED675D1A32130F004CD269 /* MobileCoreServices.framework in Frameworks */,
				25ED675B1A321305004CD269 /* libz.dylib in Frameworks */,
				25ED67591A3212F9004CD269 /* CoreLocation.framework in Frameworks */,
				25ED67571A3212EF004CD269 /* CoreGraphics.framework in Frameworks */,
				25ED67551A3212E8004CD269 /* CFNetwork.framework in Frameworks */,
				25ED67531A3212DD004CD269 /* AudioToolbox.framework in Frameworks */,
				25ED67511A3212CE004CD269 /* Accounts.framework in Frameworks */,
				12C3ECEC58F2EFB60B8FCB19 /* libPods-TokenApp.a in Frameworks */,
			);
			runOnlyForDeploymentPostprocessing = 0;
		};
		25A72F3E1A319CF30076AE07 /* Frameworks */ = {
			isa = PBXFrameworksBuildPhase;
			buildActionMask = 2147483647;
			files = (
			);
			runOnlyForDeploymentPostprocessing = 0;
		};
/* End PBXFrameworksBuildPhase section */

/* Begin PBXGroup section */
		25A72F1F1A319CF20076AE07 = {
			isa = PBXGroup;
			children = (
				25A72F2A1A319CF20076AE07 /* TokenApp */,
				25A72F441A319CF30076AE07 /* TokenAppTests */,
				25A72F291A319CF20076AE07 /* Products */,
				25ED67681A321374004CD269 /* Frameworks */,
				616C1AF23192634B1AEFCA89 /* Pods */,
			);
			sourceTree = "<group>";
		};
		25A72F291A319CF20076AE07 /* Products */ = {
			isa = PBXGroup;
			children = (
				25A72F281A319CF20076AE07 /* TokenApp.app */,
				25A72F411A319CF30076AE07 /* TokenAppTests.xctest */,
			);
			name = Products;
			sourceTree = "<group>";
		};
		25A72F2A1A319CF20076AE07 /* TokenApp */ = {
			isa = PBXGroup;
			children = (
				25A72F2F1A319CF20076AE07 /* AppDelegate.h */,
				25A72F301A319CF20076AE07 /* AppDelegate.m */,
				B97F00F31A6EC2D100690309 /* Balance */,
				B9E39CA11A68A4D10030D6CA /* TKBaseTextCell */,
				B9D4AFB11A62376A0071CA52 /* TKProfileImageView.h */,
				B9D4AFB21A62376A0071CA52 /* TKProfileImageView.m */,
				B9D4AFB71A6241B70071CA52 /* TKLoadMoreCell.h */,
				B9D4AFB81A6241B70071CA52 /* TKLoadMoreCell.m */,
				B97F00F41A6EC2E400690309 /* Settings */,
				25A72F351A319CF20076AE07 /* Main.storyboard */,
				B9D3933A1A4BD5C400C7733A /* Home */,
				B9A4D3971A491BEA00EDD2C9 /* Discover */,
				B9B61BC61A462E0F00A83987 /* Support */,
				B90C763E1A4B9A860025BA6E /* TKWelcomeViewController.h */,
				B90C763F1A4B9A860025BA6E /* TKWelcomeViewController.m */,
				B90CB7B61A42C05F0012CBF2 /* UIImage Categories */,
				B9452BA01A4149CB007FE801 /* Take Media */,
				B9452B9C1A40F2DD007FE801 /* Helper Classes */,
				B9452B981A40EFC1007FE801 /* Login */,
				B9FD557C1A414DC4006AE066 /* Content */,
				25F621441A3219800069A742 /* ProfilePersonalViewController.h */,
				25F621451A3219800069A742 /* ProfilePersonalViewController.m */,
				B9D1A6AE1A44A27700BA2874 /* SettingsButtonItem.h */,
				B9D1A6AF1A44A27700BA2874 /* SettingsButtonItem.m */,
				B9F236741A3A7CF700E485CE /* NavigationViewController.m */,
				B9F236731A3A7CF600E485CE /* NavigationViewController.h */,
				B94B62D31A5F82E200C42FAF /* TKTabBarController.h */,
				B94B62D41A5F82E200C42FAF /* TKTabBarController.m */,
				B94B62D91A5F94E800C42FAF /* TKActivityFeedViewController.h */,
				B94B62DA1A5F94E800C42FAF /* TKActivityFeedViewController.m */,
				B9F2366C1A3A468B00E485CE /* Login.xcassets */,
				B9FD55851A415665006AE066 /* Content.xcassets */,
				B9FD55891A4157EF006AE066 /* Create.xcassets */,
				B9F2366E1A3A46D300E485CE /* Profile.xcassets */,
				25A72F381A319CF30076AE07 /* Images.xcassets */,
				B9FD55871A4157C4006AE066 /* NavBar.xcassets */,
				B991FD8E1A3E6C8B00BB902F /* Default@3x.png */,
				25A72F3A1A319CF30076AE07 /* LaunchScreen.xib */,
				25A72F2B1A319CF20076AE07 /* Supporting Files */,
			);
			path = TokenApp;
			sourceTree = "<group>";
		};
		25A72F2B1A319CF20076AE07 /* Supporting Files */ = {
			isa = PBXGroup;
			children = (
				25A72F2C1A319CF20076AE07 /* Info.plist */,
				25A72F2D1A319CF20076AE07 /* main.m */,
				B9C6EB201A523D42003975CF /* tokenapp-facebook-info.plist */,
			);
			name = "Supporting Files";
			sourceTree = "<group>";
		};
		25A72F441A319CF30076AE07 /* TokenAppTests */ = {
			isa = PBXGroup;
			children = (
				25A72F471A319CF30076AE07 /* TokenAppTests.m */,
				25A72F451A319CF30076AE07 /* Supporting Files */,
			);
			path = TokenAppTests;
			sourceTree = "<group>";
		};
		25A72F451A319CF30076AE07 /* Supporting Files */ = {
			isa = PBXGroup;
			children = (
				25A72F461A319CF30076AE07 /* Info.plist */,
			);
			name = "Supporting Files";
			sourceTree = "<group>";
		};
		25ED67681A321374004CD269 /* Frameworks */ = {
			isa = PBXGroup;
			children = (
				25ED67661A321345004CD269 /* SystemConfiguration.framework */,
				25ED67641A321337004CD269 /* StoreKit.framework */,
				25ED67621A32132D004CD269 /* Social.framework */,
				25ED67601A321327004CD269 /* Security.framework */,
				25ED675E1A321319004CD269 /* QuartzCore.framework */,
				25ED675C1A32130F004CD269 /* MobileCoreServices.framework */,
				25ED675A1A321305004CD269 /* libz.dylib */,
				25ED67581A3212F9004CD269 /* CoreLocation.framework */,
				25ED67561A3212EF004CD269 /* CoreGraphics.framework */,
				25ED67541A3212E8004CD269 /* CFNetwork.framework */,
				25ED67521A3212DD004CD269 /* AudioToolbox.framework */,
				25ED67501A3212CE004CD269 /* Accounts.framework */,
				25ED67481A3212AB004CD269 /* Bolts.framework */,
				25ED67491A3212AB004CD269 /* Parse.framework */,
				25ED674A1A3212AB004CD269 /* ParseFacebookUtils.framework */,
				25ED674B1A3212AB004CD269 /* ParseUI.framework */,
				3AC5C335474F0AB015BEB33A /* libPods-TokenApp.a */,
			);
			name = Frameworks;
			sourceTree = "<group>";
		};
		616C1AF23192634B1AEFCA89 /* Pods */ = {
			isa = PBXGroup;
			children = (
				C2B542139EC1BE1E94B41BEC /* Pods-TokenApp.debug.xcconfig */,
				63ACCE5B0EFB743C7B10E7DA /* Pods-TokenApp.release.xcconfig */,
			);
			name = Pods;
			sourceTree = "<group>";
		};
		B90CB7B61A42C05F0012CBF2 /* UIImage Categories */ = {
			isa = PBXGroup;
			children = (
				B91278C21A42C87300AE5E5E /* UIImage+RoundedCornerAdditions.h */,
				B91278C31A42C87300AE5E5E /* UIImage+RoundedCornerAdditions.m */,
				B90CB7AF1A42C0410012CBF2 /* UIImage+AlphaAdditions.h */,
				B90CB7B01A42C0410012CBF2 /* UIImage+AlphaAdditions.m */,
				B90CB7B11A42C0410012CBF2 /* UIImage+ResizeAdditions.h */,
				B90CB7B21A42C0410012CBF2 /* UIImage+ResizeAdditions.m */,
			);
			name = "UIImage Categories";
			sourceTree = "<group>";
		};
		B9452B981A40EFC1007FE801 /* Login */ = {
			isa = PBXGroup;
			children = (
				25ED67451A320DDF004CD269 /* LoginViewController.h */,
				25ED67461A320DDF004CD269 /* LoginViewController.m */,
				25A72F321A319CF20076AE07 /* ViewController.h */,
				25A72F331A319CF20076AE07 /* ViewController.m */,
				B948FBA41A3ABFF5000B6C7E /* SignUpViewController.h */,
				B948FBA51A3ABFF5000B6C7E /* SignUpViewController.m */,
				25F621411A3219100069A742 /* ResetPasswordViewController.h */,
				25F621421A3219100069A742 /* ResetPasswordViewController.m */,
			);
			name = Login;
			sourceTree = "<group>";
		};
		B9452B9C1A40F2DD007FE801 /* Helper Classes */ = {
			isa = PBXGroup;
			children = (
				B991FD8B1A3E62E700BB902F /* CustomActivityTableViewCell.h */,
				B991FD8C1A3E62E700BB902F /* CustomActivityTableViewCell.m */,
			);
			name = "Helper Classes";
			sourceTree = "<group>";
		};
		B9452BA01A4149CB007FE801 /* Take Media */ = {
			isa = PBXGroup;
			children = (
			);
			name = "Take Media";
			sourceTree = "<group>";
		};
		B97F00F31A6EC2D100690309 /* Balance */ = {
			isa = PBXGroup;
			children = (
				B97F00F81A6EC71C00690309 /* BalanceTableViewController.h */,
				B97F00F91A6EC71C00690309 /* BalanceTableViewController.m */,
				B97F00FB1A6ECAD400690309 /* BalanceTableViewCell.h */,
				B97F00FC1A6ECAD400690309 /* BalanceTableViewCell.m */,
			);
			name = Balance;
			sourceTree = "<group>";
		};
		B97F00F41A6EC2E400690309 /* Settings */ = {
			isa = PBXGroup;
			children = (
				B98946F21A60CE780011288F /* TKSettingsButtonItem.h */,
				B98946F31A60CE780011288F /* TKSettingsButtonItem.m */,
				B906CE091A60D29400F1BFD2 /* TKSettingsActionDelegate.h */,
				B906CE0A1A60D29400F1BFD2 /* TKSettingsActionDelegate.m */,
			);
			name = Settings;
			sourceTree = "<group>";
		};
		B9A4D3971A491BEA00EDD2C9 /* Discover */ = {
			isa = PBXGroup;
			children = (
				B9D393471A4BE1D000C7733A /* SearchViewController.h */,
				B9D393481A4BE1D000C7733A /* SearchViewController.m */,
				B9D3934A1A4BE20E00C7733A /* TrendingViewController.h */,
				B9D3934B1A4BE20E00C7733A /* TrendingViewController.m */,
				B9A4D3981A4920BB00EDD2C9 /* CategoriesViewController.h */,
				B9A4D3991A4920BB00EDD2C9 /* CategoriesViewController.m */,
				B9A4D3911A49161F00EDD2C9 /* PopularResultsViewController.h */,
				B9A4D3921A49161F00EDD2C9 /* PopularResultsViewController.m */,
				B9A4D3941A49163F00EDD2C9 /* ExploreResultsViewController.h */,
				B9A4D3951A49163F00EDD2C9 /* ExploreResultsViewController.m */,
			);
			name = Discover;
			sourceTree = "<group>";
		};
		B9B61BC61A462E0F00A83987 /* Support */ = {
			isa = PBXGroup;
			children = (
				B9D1A6B11A44A89B00BA2874 /* TKUtility.h */,
				B9D1A6B21A44A89B00BA2874 /* TKUtility.m */,
				B9F359D41A43B22A00476FF7 /* TKCache.h */,
				B9F359D51A43B22A00476FF7 /* TKCache.m */,
				B9145C901A3CFA4C00A88B94 /* Macros.h */,
				B9F359D11A43AE7600476FF7 /* Constants.h */,
				B9F359D21A43AEBF00476FF7 /* Constants.m */,
			);
			name = Support;
			sourceTree = "<group>";
		};
		B9D3933A1A4BD5C400C7733A /* Home */ = {
			isa = PBXGroup;
			children = (
				B9D393371A4BD5A100C7733A /* TKContentTimelineViewController.h */,
				B9D393381A4BD5A100C7733A /* TKContentTimelineViewController.m */,
				B9D393311A4BCC5D00C7733A /* TKHomeViewController.h */,
				B9D393321A4BCC5D00C7733A /* TKHomeViewController.m */,
				B9D3933B1A4BD6D000C7733A /* TKAccountViewController.h */,
				B9D3933C1A4BD6D000C7733A /* TKAccountViewController.m */,
			);
			name = Home;
			sourceTree = "<group>";
		};
		B9E39CA11A68A4D10030D6CA /* TKBaseTextCell */ = {
			isa = PBXGroup;
			children = (
				B9D4AFB61A623C200071CA52 /* TKActivityCell.h */,
				B9D4AFB41A623B8E0071CA52 /* TKActivityCell.m */,
				B9E39CA61A68A79E0030D6CA /* TKFindFriendsCell.h */,
				B9E39CA71A68A79E0030D6CA /* TKFindFriendsCell.m */,
				B9D4AFAB1A6200580071CA52 /* TKBaseCellText.h */,
				B9D4AFAC1A6200580071CA52 /* TKBaseCellText.m */,
			);
			name = TKBaseTextCell;
			sourceTree = "<group>";
		};
		B9FD557C1A414DC4006AE066 /* Content */ = {
			isa = PBXGroup;
			children = (
				B9D1A6AB1A44A23000BA2874 /* PTKContentDetailTableViewController.h */,
				B9D1A6AC1A44A23000BA2874 /* PTKContentDetailTableViewController.m */,
				B9FD55801A415443006AE066 /* CreateContentViewController.h */,
				B9FD55811A415443006AE066 /* CreateContentViewController.m */,
				B9FD55791A414B10006AE066 /* EditPhotoViewController.h */,
				B9FD557A1A414B10006AE066 /* EditPhotoViewController.m */,
				B9D3933E1A4BDD0D00C7733A /* CreateVideoViewController.h */,
				B9D3933F1A4BDD0D00C7733A /* CreateVideoViewController.m */,
				B9D393411A4BDD6100C7733A /* EditVideoViewController.h */,
				B9D393421A4BDD6100C7733A /* EditVideoViewController.m */,
				B9A4D39B1A49253400EDD2C9 /* CreatePostViewController.h */,
				B9A4D39C1A49253400EDD2C9 /* CreatePostViewController.m */,
				B9D393441A4BE0B800C7733A /* EditPostViewController.h */,
				B9D393451A4BE0B800C7733A /* EditPostViewController.m */,
			);
			name = Content;
			sourceTree = "<group>";
		};
/* End PBXGroup section */

/* Begin PBXNativeTarget section */
		25A72F271A319CF20076AE07 /* TokenApp */ = {
			isa = PBXNativeTarget;
			buildConfigurationList = 25A72F4B1A319CF30076AE07 /* Build configuration list for PBXNativeTarget "TokenApp" */;
			buildPhases = (
				29413F6686C7D0E5BB8B0C31 /* Check Pods Manifest.lock */,
				25A72F241A319CF20076AE07 /* Sources */,
				25A72F251A319CF20076AE07 /* Frameworks */,
				25A72F261A319CF20076AE07 /* Resources */,
				4918ADB6E8CC7EB538B92960 /* Copy Pods Resources */,
			);
			buildRules = (
			);
			dependencies = (
			);
			name = TokenApp;
			productName = TokenApp;
			productReference = 25A72F281A319CF20076AE07 /* TokenApp.app */;
			productType = "com.apple.product-type.application";
		};
		25A72F401A319CF30076AE07 /* TokenAppTests */ = {
			isa = PBXNativeTarget;
			buildConfigurationList = 25A72F4E1A319CF30076AE07 /* Build configuration list for PBXNativeTarget "TokenAppTests" */;
			buildPhases = (
				25A72F3D1A319CF30076AE07 /* Sources */,
				25A72F3E1A319CF30076AE07 /* Frameworks */,
				25A72F3F1A319CF30076AE07 /* Resources */,
			);
			buildRules = (
			);
			dependencies = (
				25A72F431A319CF30076AE07 /* PBXTargetDependency */,
			);
			name = TokenAppTests;
			productName = TokenAppTests;
			productReference = 25A72F411A319CF30076AE07 /* TokenAppTests.xctest */;
			productType = "com.apple.product-type.bundle.unit-test";
		};
/* End PBXNativeTarget section */

/* Begin PBXProject section */
		25A72F201A319CF20076AE07 /* Project object */ = {
			isa = PBXProject;
			attributes = {
				LastUpgradeCheck = 0610;
				ORGANIZATIONNAME = ABaselNotBasilProduction;
				TargetAttributes = {
					25A72F271A319CF20076AE07 = {
						CreatedOnToolsVersion = 6.1;
						DevelopmentTeam = 77JGXNAM7B;
					};
					25A72F401A319CF30076AE07 = {
						CreatedOnToolsVersion = 6.1;
						TestTargetID = 25A72F271A319CF20076AE07;
					};
				};
			};
			buildConfigurationList = 25A72F231A319CF20076AE07 /* Build configuration list for PBXProject "TokenApp" */;
			compatibilityVersion = "Xcode 3.2";
			developmentRegion = English;
			hasScannedForEncodings = 0;
			knownRegions = (
				en,
				Base,
			);
			mainGroup = 25A72F1F1A319CF20076AE07;
			productRefGroup = 25A72F291A319CF20076AE07 /* Products */;
			projectDirPath = "";
			projectRoot = "";
			targets = (
				25A72F271A319CF20076AE07 /* TokenApp */,
				25A72F401A319CF30076AE07 /* TokenAppTests */,
			);
		};
/* End PBXProject section */

/* Begin PBXResourcesBuildPhase section */
		25A72F261A319CF20076AE07 /* Resources */ = {
			isa = PBXResourcesBuildPhase;
			buildActionMask = 2147483647;
			files = (
				B9C6EB211A523D42003975CF /* tokenapp-facebook-info.plist in Resources */,
				25A72F371A319CF20076AE07 /* Main.storyboard in Resources */,
				B991FD8F1A3E6C8B00BB902F /* Default@3x.png in Resources */,
				B9FD558A1A4157EF006AE066 /* Create.xcassets in Resources */,
				B9F2366D1A3A468B00E485CE /* Login.xcassets in Resources */,
				25A72F3C1A319CF30076AE07 /* LaunchScreen.xib in Resources */,
				25A72F391A319CF30076AE07 /* Images.xcassets in Resources */,
				B9FD55881A4157C4006AE066 /* NavBar.xcassets in Resources */,
				B9F2366F1A3A46D300E485CE /* Profile.xcassets in Resources */,
				B9FD55861A415665006AE066 /* Content.xcassets in Resources */,
			);
			runOnlyForDeploymentPostprocessing = 0;
		};
		25A72F3F1A319CF30076AE07 /* Resources */ = {
			isa = PBXResourcesBuildPhase;
			buildActionMask = 2147483647;
			files = (
			);
			runOnlyForDeploymentPostprocessing = 0;
		};
/* End PBXResourcesBuildPhase section */

/* Begin PBXShellScriptBuildPhase section */
		29413F6686C7D0E5BB8B0C31 /* Check Pods Manifest.lock */ = {
			isa = PBXShellScriptBuildPhase;
			buildActionMask = 2147483647;
			files = (
			);
			inputPaths = (
			);
			name = "Check Pods Manifest.lock";
			outputPaths = (
			);
			runOnlyForDeploymentPostprocessing = 0;
			shellPath = /bin/sh;
			shellScript = "diff \"${PODS_ROOT}/../Podfile.lock\" \"${PODS_ROOT}/Manifest.lock\" > /dev/null\nif [[ $? != 0 ]] ; then\n    cat << EOM\nerror: The sandbox is not in sync with the Podfile.lock. Run 'pod install' or update your CocoaPods installation.\nEOM\n    exit 1\nfi\n";
			showEnvVarsInLog = 0;
		};
		4918ADB6E8CC7EB538B92960 /* Copy Pods Resources */ = {
			isa = PBXShellScriptBuildPhase;
			buildActionMask = 2147483647;
			files = (
			);
			inputPaths = (
			);
			name = "Copy Pods Resources";
			outputPaths = (
			);
			runOnlyForDeploymentPostprocessing = 0;
			shellPath = /bin/sh;
			shellScript = "\"${SRCROOT}/Pods/Target Support Files/Pods-TokenApp/Pods-TokenApp-resources.sh\"\n";
			showEnvVarsInLog = 0;
		};
/* End PBXShellScriptBuildPhase section */

/* Begin PBXSourcesBuildPhase section */
		25A72F241A319CF20076AE07 /* Sources */ = {
			isa = PBXSourcesBuildPhase;
			buildActionMask = 2147483647;
			files = (
				25A72F341A319CF20076AE07 /* ViewController.m in Sources */,
				B9D393431A4BDD6100C7733A /* EditVideoViewController.m in Sources */,
				B94B62D51A5F82E200C42FAF /* TKTabBarController.m in Sources */,
				B90CB7B41A42C0410012CBF2 /* UIImage+ResizeAdditions.m in Sources */,
				B90C76401A4B9A860025BA6E /* TKWelcomeViewController.m in Sources */,
				25F621431A3219100069A742 /* ResetPasswordViewController.m in Sources */,
				B9D393401A4BDD0D00C7733A /* CreateVideoViewController.m in Sources */,
				B9D1A6B01A44A27700BA2874 /* SettingsButtonItem.m in Sources */,
				B9D393331A4BCC5D00C7733A /* TKHomeViewController.m in Sources */,
				B9E39CA81A68A79E0030D6CA /* TKFindFriendsCell.m in Sources */,
				B97F00FD1A6ECAD400690309 /* BalanceTableViewCell.m in Sources */,
				B94B62DB1A5F94E800C42FAF /* TKActivityFeedViewController.m in Sources */,
				B91278C41A42C87300AE5E5E /* UIImage+RoundedCornerAdditions.m in Sources */,
				B9D3934C1A4BE20E00C7733A /* TrendingViewController.m in Sources */,
				B991FD8D1A3E62E700BB902F /* CustomActivityTableViewCell.m in Sources */,
				B97F00FA1A6EC71C00690309 /* BalanceTableViewController.m in Sources */,
				B9D393391A4BD5A100C7733A /* TKContentTimelineViewController.m in Sources */,
				B9D4AFB51A623B8E0071CA52 /* TKActivityCell.m in Sources */,
				B9D1A6AD1A44A23000BA2874 /* PTKContentDetailTableViewController.m in Sources */,
				B9A4D3961A49163F00EDD2C9 /* ExploreResultsViewController.m in Sources */,
				B9A4D39A1A4920BB00EDD2C9 /* CategoriesViewController.m in Sources */,
				25A72F311A319CF20076AE07 /* AppDelegate.m in Sources */,
				B9F359D61A43B22A00476FF7 /* TKCache.m in Sources */,
				B98946F41A60CE780011288F /* TKSettingsButtonItem.m in Sources */,
				B9F236751A3A7CF700E485CE /* NavigationViewController.m in Sources */,
				B906CE0B1A60D29400F1BFD2 /* TKSettingsActionDelegate.m in Sources */,
				B9D393491A4BE1D000C7733A /* SearchViewController.m in Sources */,
				B9D4AFAD1A6200580071CA52 /* TKBaseCellText.m in Sources */,
				B9D4AFB91A6241B70071CA52 /* TKLoadMoreCell.m in Sources */,
				B9FD557B1A414B11006AE066 /* EditPhotoViewController.m in Sources */,
				B90CB7B31A42C0410012CBF2 /* UIImage+AlphaAdditions.m in Sources */,
				B9A4D39D1A49253400EDD2C9 /* CreatePostViewController.m in Sources */,
				B9D4AFB31A62376A0071CA52 /* TKProfileImageView.m in Sources */,
				B9D3933D1A4BD6D000C7733A /* TKAccountViewController.m in Sources */,
				25ED67471A320DDF004CD269 /* LoginViewController.m in Sources */,
				B9A4D3931A49161F00EDD2C9 /* PopularResultsViewController.m in Sources */,
				25F621461A3219800069A742 /* ProfilePersonalViewController.m in Sources */,
				25A72F2E1A319CF20076AE07 /* main.m in Sources */,
				B9FD55821A415443006AE066 /* CreateContentViewController.m in Sources */,
				B948FBA61A3ABFF5000B6C7E /* SignUpViewController.m in Sources */,
				B9D1A6B31A44A89B00BA2874 /* TKUtility.m in Sources */,
				B9D393461A4BE0B800C7733A /* EditPostViewController.m in Sources */,
				B9F359D31A43AEBF00476FF7 /* Constants.m in Sources */,
			);
			runOnlyForDeploymentPostprocessing = 0;
		};
		25A72F3D1A319CF30076AE07 /* Sources */ = {
			isa = PBXSourcesBuildPhase;
			buildActionMask = 2147483647;
			files = (
				25A72F481A319CF30076AE07 /* TokenAppTests.m in Sources */,
			);
			runOnlyForDeploymentPostprocessing = 0;
		};
/* End PBXSourcesBuildPhase section */

/* Begin PBXTargetDependency section */
		25A72F431A319CF30076AE07 /* PBXTargetDependency */ = {
			isa = PBXTargetDependency;
			target = 25A72F271A319CF20076AE07 /* TokenApp */;
			targetProxy = 25A72F421A319CF30076AE07 /* PBXContainerItemProxy */;
		};
/* End PBXTargetDependency section */

/* Begin PBXVariantGroup section */
		25A72F351A319CF20076AE07 /* Main.storyboard */ = {
			isa = PBXVariantGroup;
			children = (
				25A72F361A319CF20076AE07 /* Base */,
			);
			name = Main.storyboard;
			sourceTree = "<group>";
		};
		25A72F3A1A319CF30076AE07 /* LaunchScreen.xib */ = {
			isa = PBXVariantGroup;
			children = (
				25A72F3B1A319CF30076AE07 /* Base */,
			);
			name = LaunchScreen.xib;
			sourceTree = "<group>";
		};
/* End PBXVariantGroup section */

/* Begin XCBuildConfiguration section */
		25A72F491A319CF30076AE07 /* Debug */ = {
			isa = XCBuildConfiguration;
			buildSettings = {
				ALWAYS_SEARCH_USER_PATHS = NO;
				CLANG_CXX_LANGUAGE_STANDARD = "gnu++0x";
				CLANG_CXX_LIBRARY = "libc++";
				CLANG_ENABLE_MODULES = YES;
				CLANG_ENABLE_OBJC_ARC = YES;
				CLANG_WARN_BOOL_CONVERSION = YES;
				CLANG_WARN_CONSTANT_CONVERSION = YES;
				CLANG_WARN_DIRECT_OBJC_ISA_USAGE = YES_ERROR;
				CLANG_WARN_EMPTY_BODY = YES;
				CLANG_WARN_ENUM_CONVERSION = YES;
				CLANG_WARN_INT_CONVERSION = YES;
				CLANG_WARN_OBJC_ROOT_CLASS = YES_ERROR;
				CLANG_WARN_UNREACHABLE_CODE = YES;
				CLANG_WARN__DUPLICATE_METHOD_MATCH = YES;
				"CODE_SIGN_IDENTITY[sdk=iphoneos*]" = "iPhone Developer";
				COPY_PHASE_STRIP = NO;
				ENABLE_STRICT_OBJC_MSGSEND = YES;
				GCC_C_LANGUAGE_STANDARD = gnu99;
				GCC_DYNAMIC_NO_PIC = NO;
				GCC_OPTIMIZATION_LEVEL = 0;
				GCC_PREPROCESSOR_DEFINITIONS = (
					"DEBUG=1",
					"$(inherited)",
				);
				GCC_SYMBOLS_PRIVATE_EXTERN = NO;
				GCC_WARN_64_TO_32_BIT_CONVERSION = YES;
				GCC_WARN_ABOUT_RETURN_TYPE = YES_ERROR;
				GCC_WARN_UNDECLARED_SELECTOR = YES;
				GCC_WARN_UNINITIALIZED_AUTOS = YES_AGGRESSIVE;
				GCC_WARN_UNUSED_FUNCTION = YES;
				GCC_WARN_UNUSED_VARIABLE = YES;
				IPHONEOS_DEPLOYMENT_TARGET = 8.1;
				MTL_ENABLE_DEBUG_INFO = YES;
				ONLY_ACTIVE_ARCH = YES;
				SDKROOT = iphoneos;
			};
			name = Debug;
		};
		25A72F4A1A319CF30076AE07 /* Release */ = {
			isa = XCBuildConfiguration;
			buildSettings = {
				ALWAYS_SEARCH_USER_PATHS = NO;
				CLANG_CXX_LANGUAGE_STANDARD = "gnu++0x";
				CLANG_CXX_LIBRARY = "libc++";
				CLANG_ENABLE_MODULES = YES;
				CLANG_ENABLE_OBJC_ARC = YES;
				CLANG_WARN_BOOL_CONVERSION = YES;
				CLANG_WARN_CONSTANT_CONVERSION = YES;
				CLANG_WARN_DIRECT_OBJC_ISA_USAGE = YES_ERROR;
				CLANG_WARN_EMPTY_BODY = YES;
				CLANG_WARN_ENUM_CONVERSION = YES;
				CLANG_WARN_INT_CONVERSION = YES;
				CLANG_WARN_OBJC_ROOT_CLASS = YES_ERROR;
				CLANG_WARN_UNREACHABLE_CODE = YES;
				CLANG_WARN__DUPLICATE_METHOD_MATCH = YES;
				"CODE_SIGN_IDENTITY[sdk=iphoneos*]" = "iPhone Developer";
				COPY_PHASE_STRIP = YES;
				ENABLE_NS_ASSERTIONS = NO;
				ENABLE_STRICT_OBJC_MSGSEND = YES;
				GCC_C_LANGUAGE_STANDARD = gnu99;
				GCC_WARN_64_TO_32_BIT_CONVERSION = YES;
				GCC_WARN_ABOUT_RETURN_TYPE = YES_ERROR;
				GCC_WARN_UNDECLARED_SELECTOR = YES;
				GCC_WARN_UNINITIALIZED_AUTOS = YES_AGGRESSIVE;
				GCC_WARN_UNUSED_FUNCTION = YES;
				GCC_WARN_UNUSED_VARIABLE = YES;
				IPHONEOS_DEPLOYMENT_TARGET = 8.1;
				MTL_ENABLE_DEBUG_INFO = NO;
				SDKROOT = iphoneos;
				VALIDATE_PRODUCT = YES;
			};
			name = Release;
		};
		25A72F4C1A319CF30076AE07 /* Debug */ = {
			isa = XCBuildConfiguration;
			baseConfigurationReference = C2B542139EC1BE1E94B41BEC /* Pods-TokenApp.debug.xcconfig */;
			buildSettings = {
				ASSETCATALOG_COMPILER_APPICON_NAME = AppIcon;
				FRAMEWORK_SEARCH_PATHS = (
					"$(inherited)",
					"$(PROJECT_DIR)",
				);
				INFOPLIST_FILE = TokenApp/Info.plist;
				LD_RUNPATH_SEARCH_PATHS = "$(inherited) @executable_path/Frameworks";
				PRODUCT_NAME = "$(TARGET_NAME)";
			};
			name = Debug;
		};
		25A72F4D1A319CF30076AE07 /* Release */ = {
			isa = XCBuildConfiguration;
			baseConfigurationReference = 63ACCE5B0EFB743C7B10E7DA /* Pods-TokenApp.release.xcconfig */;
			buildSettings = {
				ASSETCATALOG_COMPILER_APPICON_NAME = AppIcon;
				FRAMEWORK_SEARCH_PATHS = (
					"$(inherited)",
					"$(PROJECT_DIR)",
				);
				INFOPLIST_FILE = TokenApp/Info.plist;
				LD_RUNPATH_SEARCH_PATHS = "$(inherited) @executable_path/Frameworks";
				PRODUCT_NAME = "$(TARGET_NAME)";
			};
			name = Release;
		};
		25A72F4F1A319CF30076AE07 /* Debug */ = {
			isa = XCBuildConfiguration;
			buildSettings = {
				BUNDLE_LOADER = "$(TEST_HOST)";
				FRAMEWORK_SEARCH_PATHS = (
					"$(SDKROOT)/Developer/Library/Frameworks",
					"$(inherited)",
				);
				GCC_PREPROCESSOR_DEFINITIONS = (
					"DEBUG=1",
					"$(inherited)",
				);
				INFOPLIST_FILE = TokenAppTests/Info.plist;
				LD_RUNPATH_SEARCH_PATHS = "$(inherited) @executable_path/Frameworks @loader_path/Frameworks";
				PRODUCT_NAME = "$(TARGET_NAME)";
				TEST_HOST = "$(BUILT_PRODUCTS_DIR)/TokenApp.app/TokenApp";
			};
			name = Debug;
		};
		25A72F501A319CF30076AE07 /* Release */ = {
			isa = XCBuildConfiguration;
			buildSettings = {
				BUNDLE_LOADER = "$(TEST_HOST)";
				FRAMEWORK_SEARCH_PATHS = (
					"$(SDKROOT)/Developer/Library/Frameworks",
					"$(inherited)",
				);
				INFOPLIST_FILE = TokenAppTests/Info.plist;
				LD_RUNPATH_SEARCH_PATHS = "$(inherited) @executable_path/Frameworks @loader_path/Frameworks";
				PRODUCT_NAME = "$(TARGET_NAME)";
				TEST_HOST = "$(BUILT_PRODUCTS_DIR)/TokenApp.app/TokenApp";
			};
			name = Release;
		};
/* End XCBuildConfiguration section */

/* Begin XCConfigurationList section */
		25A72F231A319CF20076AE07 /* Build configuration list for PBXProject "TokenApp" */ = {
			isa = XCConfigurationList;
			buildConfigurations = (
				25A72F491A319CF30076AE07 /* Debug */,
				25A72F4A1A319CF30076AE07 /* Release */,
			);
			defaultConfigurationIsVisible = 0;
			defaultConfigurationName = Release;
		};
		25A72F4B1A319CF30076AE07 /* Build configuration list for PBXNativeTarget "TokenApp" */ = {
			isa = XCConfigurationList;
			buildConfigurations = (
				25A72F4C1A319CF30076AE07 /* Debug */,
				25A72F4D1A319CF30076AE07 /* Release */,
			);
			defaultConfigurationIsVisible = 0;
			defaultConfigurationName = Release;
		};
		25A72F4E1A319CF30076AE07 /* Build configuration list for PBXNativeTarget "TokenAppTests" */ = {
			isa = XCConfigurationList;
			buildConfigurations = (
				25A72F4F1A319CF30076AE07 /* Debug */,
				25A72F501A319CF30076AE07 /* Release */,
			);
			defaultConfigurationIsVisible = 0;
			defaultConfigurationName = Release;
		};
/* End XCConfigurationList section */
	};
	rootObject = 25A72F201A319CF20076AE07 /* Project object */;
}
